// !$*UTF8*$!
{
	archiveVersion = 1;
	classes = {
	};
	objectVersion = 46;
	objects = {

/* Begin PBXBuildFile section */
		070D41631D1030C200C02AC9 /* GraphicsContainerType.swift in Sources */ = {isa = PBXBuildFile; fileRef = 070D41621D1030C200C02AC9 /* GraphicsContainerType.swift */; };
		070D41641D1030C200C02AC9 /* GraphicsContainerType.swift in Sources */ = {isa = PBXBuildFile; fileRef = 070D41621D1030C200C02AC9 /* GraphicsContainerType.swift */; };
		0726DC491EF5458B0055B9A1 /* rect.svg in CopyFiles */ = {isa = PBXBuildFile; fileRef = 0726DC481EF5451E0055B9A1 /* rect.svg */; };
		0726DC4A1EF5458B0055B9A1 /* circle.svg in CopyFiles */ = {isa = PBXBuildFile; fileRef = 0726DC411EF544CB0055B9A1 /* circle.svg */; };
		0726DC4B1EF5458B0055B9A1 /* curve1.svg in CopyFiles */ = {isa = PBXBuildFile; fileRef = 0726DC421EF544CB0055B9A1 /* curve1.svg */; };
		0726DC4C1EF5458B0055B9A1 /* curve2.svg in CopyFiles */ = {isa = PBXBuildFile; fileRef = 0726DC431EF544CB0055B9A1 /* curve2.svg */; };
		0726DC4D1EF5458B0055B9A1 /* ellipse.svg in CopyFiles */ = {isa = PBXBuildFile; fileRef = 0726DC441EF544CB0055B9A1 /* ellipse.svg */; };
		0726DC4E1EF5458B0055B9A1 /* line.svg in CopyFiles */ = {isa = PBXBuildFile; fileRef = 0726DC451EF544CB0055B9A1 /* line.svg */; };
		0726DC4F1EF5458B0055B9A1 /* polyline.svg in CopyFiles */ = {isa = PBXBuildFile; fileRef = 0726DC461EF544CB0055B9A1 /* polyline.svg */; };
		0726DC501EF5458B0055B9A1 /* square.svg in CopyFiles */ = {isa = PBXBuildFile; fileRef = 0726DC471EF544CB0055B9A1 /* square.svg */; };
		0726DC511EF545900055B9A1 /* rect.svg in CopyFiles */ = {isa = PBXBuildFile; fileRef = 0726DC481EF5451E0055B9A1 /* rect.svg */; };
		0726DC521EF545900055B9A1 /* circle.svg in CopyFiles */ = {isa = PBXBuildFile; fileRef = 0726DC411EF544CB0055B9A1 /* circle.svg */; };
		0726DC531EF545900055B9A1 /* curve1.svg in CopyFiles */ = {isa = PBXBuildFile; fileRef = 0726DC421EF544CB0055B9A1 /* curve1.svg */; };
		0726DC541EF545900055B9A1 /* curve2.svg in CopyFiles */ = {isa = PBXBuildFile; fileRef = 0726DC431EF544CB0055B9A1 /* curve2.svg */; };
		0726DC551EF545900055B9A1 /* ellipse.svg in CopyFiles */ = {isa = PBXBuildFile; fileRef = 0726DC441EF544CB0055B9A1 /* ellipse.svg */; };
		0726DC561EF545900055B9A1 /* line.svg in CopyFiles */ = {isa = PBXBuildFile; fileRef = 0726DC451EF544CB0055B9A1 /* line.svg */; };
		0726DC571EF545900055B9A1 /* polyline.svg in CopyFiles */ = {isa = PBXBuildFile; fileRef = 0726DC461EF544CB0055B9A1 /* polyline.svg */; };
		0726DC581EF545900055B9A1 /* square.svg in CopyFiles */ = {isa = PBXBuildFile; fileRef = 0726DC471EF544CB0055B9A1 /* square.svg */; };
		07305A501D0F47EE006E4085 /* Buildable.swift in Sources */ = {isa = PBXBuildFile; fileRef = 07305A4B1D0F47EE006E4085 /* Buildable.swift */; };
		07305A511D0F47EE006E4085 /* Buildable.swift in Sources */ = {isa = PBXBuildFile; fileRef = 07305A4B1D0F47EE006E4085 /* Buildable.swift */; };
		07305A521D0F47EE006E4085 /* CompositeShapeType.swift in Sources */ = {isa = PBXBuildFile; fileRef = 07305A4C1D0F47EE006E4085 /* CompositeShapeType.swift */; };
		07305A531D0F47EE006E4085 /* CompositeShapeType.swift in Sources */ = {isa = PBXBuildFile; fileRef = 07305A4C1D0F47EE006E4085 /* CompositeShapeType.swift */; };
		07305A541D0F47EE006E4085 /* FrameMaking.swift in Sources */ = {isa = PBXBuildFile; fileRef = 07305A4D1D0F47EE006E4085 /* FrameMaking.swift */; };
		07305A551D0F47EE006E4085 /* FrameMaking.swift in Sources */ = {isa = PBXBuildFile; fileRef = 07305A4D1D0F47EE006E4085 /* FrameMaking.swift */; };
		07305A561D0F47EE006E4085 /* PathMaking.swift in Sources */ = {isa = PBXBuildFile; fileRef = 07305A4E1D0F47EE006E4085 /* PathMaking.swift */; };
		07305A571D0F47EE006E4085 /* PathMaking.swift in Sources */ = {isa = PBXBuildFile; fileRef = 07305A4E1D0F47EE006E4085 /* PathMaking.swift */; };
		07305A581D0F47EE006E4085 /* ShapeType.swift in Sources */ = {isa = PBXBuildFile; fileRef = 07305A4F1D0F47EE006E4085 /* ShapeType.swift */; };
		07305A591D0F47EE006E4085 /* ShapeType.swift in Sources */ = {isa = PBXBuildFile; fileRef = 07305A4F1D0F47EE006E4085 /* ShapeType.swift */; };
		073A6F101F02A90700AEFA5D /* RenderableTests.swift in Sources */ = {isa = PBXBuildFile; fileRef = 073A6F0F1F02A90700AEFA5D /* RenderableTests.swift */; };
		073A6F111F02A90700AEFA5D /* RenderableTests.swift in Sources */ = {isa = PBXBuildFile; fileRef = 073A6F0F1F02A90700AEFA5D /* RenderableTests.swift */; };
		0744B4BE1EF01273003F9B3A /* Text.swift in Sources */ = {isa = PBXBuildFile; fileRef = 0744B4BD1EF01273003F9B3A /* Text.swift */; };
		0744B4BF1EF01273003F9B3A /* Text.swift in Sources */ = {isa = PBXBuildFile; fileRef = 0744B4BD1EF01273003F9B3A /* Text.swift */; };
		0744B4C11EF01344003F9B3A /* Alignment.swift in Sources */ = {isa = PBXBuildFile; fileRef = 0744B4C01EF01344003F9B3A /* Alignment.swift */; };
		0744B4C21EF01344003F9B3A /* Alignment.swift in Sources */ = {isa = PBXBuildFile; fileRef = 0744B4C01EF01344003F9B3A /* Alignment.swift */; };
		0744B4C41EF0154A003F9B3A /* Text+CATextLayer.swift in Sources */ = {isa = PBXBuildFile; fileRef = 0744B4C31EF0154A003F9B3A /* Text+CATextLayer.swift */; };
		0744B4C51EF0154A003F9B3A /* Text+CATextLayer.swift in Sources */ = {isa = PBXBuildFile; fileRef = 0744B4C31EF0154A003F9B3A /* Text+CATextLayer.swift */; };
		0744B4CA1EF01A53003F9B3A /* TextTests.swift in Sources */ = {isa = PBXBuildFile; fileRef = 0744B4C91EF01A53003F9B3A /* TextTests.swift */; };
		0744B4CB1EF01A53003F9B3A /* TextTests.swift in Sources */ = {isa = PBXBuildFile; fileRef = 0744B4C91EF01A53003F9B3A /* TextTests.swift */; };
		0748EEBE1E25816C003F19FD /* Renderer.swift in Sources */ = {isa = PBXBuildFile; fileRef = 0748EEBD1E25816C003F19FD /* Renderer.swift */; };
		0748EEBF1E25816C003F19FD /* Renderer.swift in Sources */ = {isa = PBXBuildFile; fileRef = 0748EEBD1E25816C003F19FD /* Renderer.swift */; };
		0750C43C1EF0546E005840B8 /* TextBox.swift in Sources */ = {isa = PBXBuildFile; fileRef = 0750C43B1EF0546E005840B8 /* TextBox.swift */; };
		0750C43D1EF0546E005840B8 /* TextBox.swift in Sources */ = {isa = PBXBuildFile; fileRef = 0750C43B1EF0546E005840B8 /* TextBox.swift */; };
		0750C43F1EF0549B005840B8 /* Insets.swift in Sources */ = {isa = PBXBuildFile; fileRef = 0750C43E1EF0549B005840B8 /* Insets.swift */; };
		0750C4401EF0549B005840B8 /* Insets.swift in Sources */ = {isa = PBXBuildFile; fileRef = 0750C43E1EF0549B005840B8 /* Insets.swift */; };
		0750C4421EF05739005840B8 /* TextBox+CALayer.swift in Sources */ = {isa = PBXBuildFile; fileRef = 0750C4411EF05739005840B8 /* TextBox+CALayer.swift */; };
		0750C4431EF05739005840B8 /* TextBox+CALayer.swift in Sources */ = {isa = PBXBuildFile; fileRef = 0750C4411EF05739005840B8 /* TextBox+CALayer.swift */; };
		0750C4451EF05763005840B8 /* TextBoxTests.swift in Sources */ = {isa = PBXBuildFile; fileRef = 0750C4441EF05763005840B8 /* TextBoxTests.swift */; };
		0750C4461EF05763005840B8 /* TextBoxTests.swift in Sources */ = {isa = PBXBuildFile; fileRef = 0750C4441EF05763005840B8 /* TextBoxTests.swift */; };
		076200A01F03D5C300D62726 /* StyledPathTests.swift in Sources */ = {isa = PBXBuildFile; fileRef = 0762009F1F03D5C300D62726 /* StyledPathTests.swift */; };
		076200A11F03D5C300D62726 /* StyledPathTests.swift in Sources */ = {isa = PBXBuildFile; fileRef = 0762009F1F03D5C300D62726 /* StyledPathTests.swift */; };
		076484D51EF7DA490095FBB5 /* SVG.Group.swift in Sources */ = {isa = PBXBuildFile; fileRef = 076484D41EF7DA490095FBB5 /* SVG.Group.swift */; };
		076484D61EF7DA490095FBB5 /* SVG.Group.swift in Sources */ = {isa = PBXBuildFile; fileRef = 076484D41EF7DA490095FBB5 /* SVG.Group.swift */; };
		076484D81EF7E7610095FBB5 /* Point+SVG.swift in Sources */ = {isa = PBXBuildFile; fileRef = 076484D71EF7E7610095FBB5 /* Point+SVG.swift */; };
		076484D91EF7E7610095FBB5 /* Point+SVG.swift in Sources */ = {isa = PBXBuildFile; fileRef = 076484D71EF7E7610095FBB5 /* Point+SVG.swift */; };
		076484DB1EF7E7800095FBB5 /* Rectangle+SVG.swift in Sources */ = {isa = PBXBuildFile; fileRef = 076484DA1EF7E7800095FBB5 /* Rectangle+SVG.swift */; };
		076484DC1EF7E7800095FBB5 /* Rectangle+SVG.swift in Sources */ = {isa = PBXBuildFile; fileRef = 076484DA1EF7E7800095FBB5 /* Rectangle+SVG.swift */; };
		076484E11EF7E7E10095FBB5 /* PathElement+SVG.swift in Sources */ = {isa = PBXBuildFile; fileRef = 076484E01EF7E7E10095FBB5 /* PathElement+SVG.swift */; };
		076484E21EF7E7E10095FBB5 /* PathElement+SVG.swift in Sources */ = {isa = PBXBuildFile; fileRef = 076484E01EF7E7E10095FBB5 /* PathElement+SVG.swift */; };
		076484E41EF7E82D0095FBB5 /* Path+SVG.swift in Sources */ = {isa = PBXBuildFile; fileRef = 076484E31EF7E82D0095FBB5 /* Path+SVG.swift */; };
		076484E51EF7E82D0095FBB5 /* Path+SVG.swift in Sources */ = {isa = PBXBuildFile; fileRef = 076484E31EF7E82D0095FBB5 /* Path+SVG.swift */; };
		076484E71EF7E8560095FBB5 /* StyledPath+SVGInitializable.swift in Sources */ = {isa = PBXBuildFile; fileRef = 076484E61EF7E8560095FBB5 /* StyledPath+SVGInitializable.swift */; };
		076484E81EF7E8560095FBB5 /* StyledPath+SVGInitializable.swift in Sources */ = {isa = PBXBuildFile; fileRef = 076484E61EF7E8560095FBB5 /* StyledPath+SVGInitializable.swift */; };
		076484EA1EF7EAA70095FBB5 /* Double+SVG.swift in Sources */ = {isa = PBXBuildFile; fileRef = 076484E91EF7EAA70095FBB5 /* Double+SVG.swift */; };
		076484EB1EF7EAA70095FBB5 /* Double+SVG.swift in Sources */ = {isa = PBXBuildFile; fileRef = 076484E91EF7EAA70095FBB5 /* Double+SVG.swift */; };
		076484ED1EF7ECD30095FBB5 /* Polygon+SVG.swift in Sources */ = {isa = PBXBuildFile; fileRef = 076484EC1EF7ECD30095FBB5 /* Polygon+SVG.swift */; };
		076484EE1EF7ECD30095FBB5 /* Polygon+SVG.swift in Sources */ = {isa = PBXBuildFile; fileRef = 076484EC1EF7ECD30095FBB5 /* Polygon+SVG.swift */; };
		076484F01EF7EE070095FBB5 /* polygon.svg in CopyFiles */ = {isa = PBXBuildFile; fileRef = 076484EF1EF7EDFF0095FBB5 /* polygon.svg */; };
		076484F11EF7EE0B0095FBB5 /* polygon.svg in CopyFiles */ = {isa = PBXBuildFile; fileRef = 076484EF1EF7EDFF0095FBB5 /* polygon.svg */; };
		076484F31EF800EF0095FBB5 /* StyledPath+CAShapeLayer.swift in Sources */ = {isa = PBXBuildFile; fileRef = 076484F21EF800EF0095FBB5 /* StyledPath+CAShapeLayer.swift */; };
		076484F41EF800EF0095FBB5 /* StyledPath+CAShapeLayer.swift in Sources */ = {isa = PBXBuildFile; fileRef = 076484F21EF800EF0095FBB5 /* StyledPath+CAShapeLayer.swift */; };
		076484F61EF801900095FBB5 /* StyledPath.Composite+CALayer.swift in Sources */ = {isa = PBXBuildFile; fileRef = 076484F51EF801900095FBB5 /* StyledPath.Composite+CALayer.swift */; };
		076484F71EF801900095FBB5 /* StyledPath.Composite+CALayer.swift in Sources */ = {isa = PBXBuildFile; fileRef = 076484F51EF801900095FBB5 /* StyledPath.Composite+CALayer.swift */; };
		076484F91EF802EB0095FBB5 /* StyledPath.Composite+SVG.swift in Sources */ = {isa = PBXBuildFile; fileRef = 076484F81EF802EB0095FBB5 /* StyledPath.Composite+SVG.swift */; };
		076484FA1EF802EB0095FBB5 /* StyledPath.Composite+SVG.swift in Sources */ = {isa = PBXBuildFile; fileRef = 076484F81EF802EB0095FBB5 /* StyledPath.Composite+SVG.swift */; };
		076484FC1EF809E20095FBB5 /* SVG+CALayer.swift in Sources */ = {isa = PBXBuildFile; fileRef = 076484FB1EF809E20095FBB5 /* SVG+CALayer.swift */; };
		076484FD1EF809E20095FBB5 /* SVG+CALayer.swift in Sources */ = {isa = PBXBuildFile; fileRef = 076484FB1EF809E20095FBB5 /* SVG+CALayer.swift */; };
		076484FF1EF812E20095FBB5 /* ColorTests.swift in Sources */ = {isa = PBXBuildFile; fileRef = 076484FE1EF812E20095FBB5 /* ColorTests.swift */; };
		076485001EF812E20095FBB5 /* ColorTests.swift in Sources */ = {isa = PBXBuildFile; fileRef = 076484FE1EF812E20095FBB5 /* ColorTests.swift */; };
		076485031EF8140B0095FBB5 /* Line+SVG.swift in Sources */ = {isa = PBXBuildFile; fileRef = 076485021EF8140B0095FBB5 /* Line+SVG.swift */; };
		076485041EF8140B0095FBB5 /* Line+SVG.swift in Sources */ = {isa = PBXBuildFile; fileRef = 076485021EF8140B0095FBB5 /* Line+SVG.swift */; };
		076485061EF814320095FBB5 /* Polyline+SVG.swift in Sources */ = {isa = PBXBuildFile; fileRef = 076485051EF814320095FBB5 /* Polyline+SVG.swift */; };
		076485071EF814320095FBB5 /* Polyline+SVG.swift in Sources */ = {isa = PBXBuildFile; fileRef = 076485051EF814320095FBB5 /* Polyline+SVG.swift */; };
		076485091EF814590095FBB5 /* Cirlce+SVG.swift in Sources */ = {isa = PBXBuildFile; fileRef = 076485081EF814590095FBB5 /* Cirlce+SVG.swift */; };
		0764850A1EF814590095FBB5 /* Cirlce+SVG.swift in Sources */ = {isa = PBXBuildFile; fileRef = 076485081EF814590095FBB5 /* Cirlce+SVG.swift */; };
		0764850C1EF814720095FBB5 /* Ellipse+SVG.swift in Sources */ = {isa = PBXBuildFile; fileRef = 0764850B1EF814720095FBB5 /* Ellipse+SVG.swift */; };
		0764850D1EF814720095FBB5 /* Ellipse+SVG.swift in Sources */ = {isa = PBXBuildFile; fileRef = 0764850B1EF814720095FBB5 /* Ellipse+SVG.swift */; };
		076485121EF817870095FBB5 /* Styling+SVGInitializable.swift in Sources */ = {isa = PBXBuildFile; fileRef = 076485111EF817870095FBB5 /* Styling+SVGInitializable.swift */; };
		076485131EF817870095FBB5 /* Styling+SVGInitializable.swift in Sources */ = {isa = PBXBuildFile; fileRef = 076485111EF817870095FBB5 /* Styling+SVGInitializable.swift */; };
		076485151EF8187F0095FBB5 /* fill_stroke_opacity.svg in CopyFiles */ = {isa = PBXBuildFile; fileRef = 076485141EF818750095FBB5 /* fill_stroke_opacity.svg */; };
		076485161EF818830095FBB5 /* fill_stroke_opacity.svg in CopyFiles */ = {isa = PBXBuildFile; fileRef = 076485141EF818750095FBB5 /* fill_stroke_opacity.svg */; };
		076485181EF839DB0095FBB5 /* colors_opacity.svg in CopyFiles */ = {isa = PBXBuildFile; fileRef = 076485171EF839D40095FBB5 /* colors_opacity.svg */; };
		076485191EF839DF0095FBB5 /* colors_opacity.svg in CopyFiles */ = {isa = PBXBuildFile; fileRef = 076485171EF839D40095FBB5 /* colors_opacity.svg */; };
		0767156A1F029F980073AA6F /* StyledPath.Composite.swift in Sources */ = {isa = PBXBuildFile; fileRef = 076715691F029F980073AA6F /* StyledPath.Composite.swift */; };
		0767156B1F029F980073AA6F /* StyledPath.Composite.swift in Sources */ = {isa = PBXBuildFile; fileRef = 076715691F029F980073AA6F /* StyledPath.Composite.swift */; };
		076D04611E2D1CB00023ED96 /* Color.swift in Sources */ = {isa = PBXBuildFile; fileRef = 076D04601E2D1CB00023ED96 /* Color.swift */; };
		076D04621E2D1CB00023ED96 /* Color.swift in Sources */ = {isa = PBXBuildFile; fileRef = 076D04601E2D1CB00023ED96 /* Color.swift */; };
		076D04641E2D22C50023ED96 /* Color+CGColor.swift in Sources */ = {isa = PBXBuildFile; fileRef = 076D04631E2D22C50023ED96 /* Color+CGColor.swift */; };
		076D04651E2D22C50023ED96 /* Color+CGColor.swift in Sources */ = {isa = PBXBuildFile; fileRef = 076D04631E2D22C50023ED96 /* Color+CGColor.swift */; };
		076D04711E2D2D740023ED96 /* LayoutNode.swift in Sources */ = {isa = PBXBuildFile; fileRef = 076D04701E2D2D740023ED96 /* LayoutNode.swift */; };
		076D04721E2D2D740023ED96 /* LayoutNode.swift in Sources */ = {isa = PBXBuildFile; fileRef = 076D04701E2D2D740023ED96 /* LayoutNode.swift */; };
		076D04741E2D2F050023ED96 /* LayoutNodeTests.swift in Sources */ = {isa = PBXBuildFile; fileRef = 076D04731E2D2F050023ED96 /* LayoutNodeTests.swift */; };
		076D04751E2D2F060023ED96 /* LayoutNodeTests.swift in Sources */ = {isa = PBXBuildFile; fileRef = 076D04731E2D2F050023ED96 /* LayoutNodeTests.swift */; };
		07731ED61F06A00800BDDCD6 /* bbox.svg in CopyFiles */ = {isa = PBXBuildFile; fileRef = 07731ED51F06A00100BDDCD6 /* bbox.svg */; };
		07731ED71F06A00C00BDDCD6 /* bbox.svg in CopyFiles */ = {isa = PBXBuildFile; fileRef = 07731ED51F06A00100BDDCD6 /* bbox.svg */; };
		0789227D1EF2E3030037C572 /* Fill.swift in Sources */ = {isa = PBXBuildFile; fileRef = 0789227C1EF2E3030037C572 /* Fill.swift */; };
		0789227E1EF2E3030037C572 /* Fill.swift in Sources */ = {isa = PBXBuildFile; fileRef = 0789227C1EF2E3030037C572 /* Fill.swift */; };
		078922801EF2E3130037C572 /* Stoke.swift in Sources */ = {isa = PBXBuildFile; fileRef = 0789227F1EF2E3130037C572 /* Stoke.swift */; };
		078922811EF2E3130037C572 /* Stoke.swift in Sources */ = {isa = PBXBuildFile; fileRef = 0789227F1EF2E3130037C572 /* Stoke.swift */; };
		079E69461EF5DF240093A7ED /* Styling.swift in Sources */ = {isa = PBXBuildFile; fileRef = 079E69451EF5DF240093A7ED /* Styling.swift */; };
		079E69471EF5DF240093A7ED /* Styling.swift in Sources */ = {isa = PBXBuildFile; fileRef = 079E69451EF5DF240093A7ED /* Styling.swift */; };
		079E69491EF5DF8F0093A7ED /* StyledPath.swift in Sources */ = {isa = PBXBuildFile; fileRef = 079E69481EF5DF8F0093A7ED /* StyledPath.swift */; };
		079E694A1EF5DF8F0093A7ED /* StyledPath.swift in Sources */ = {isa = PBXBuildFile; fileRef = 079E69481EF5DF8F0093A7ED /* StyledPath.swift */; };
		079E694C1EF674600093A7ED /* stroke.svg in CopyFiles */ = {isa = PBXBuildFile; fileRef = 079E694B1EF674570093A7ED /* stroke.svg */; };
		079E694D1EF674630093A7ED /* stroke.svg in CopyFiles */ = {isa = PBXBuildFile; fileRef = 079E694B1EF674570093A7ED /* stroke.svg */; };
		07ABA3A31EE1ACDA00190BFC /* ArithmeticTools.framework in Frameworks */ = {isa = PBXBuildFile; fileRef = 07ABA3A11EE1ACDA00190BFC /* ArithmeticTools.framework */; };
		07ABA3A41EE1ACDA00190BFC /* ArithmeticTools.framework in Frameworks */ = {isa = PBXBuildFile; fileRef = 07ABA3A11EE1ACDA00190BFC /* ArithmeticTools.framework */; };
		07ABA3A51EE1ACDA00190BFC /* Collections.framework in Frameworks */ = {isa = PBXBuildFile; fileRef = 07ABA3A21EE1ACDA00190BFC /* Collections.framework */; };
		07ABA3A61EE1ACDA00190BFC /* Collections.framework in Frameworks */ = {isa = PBXBuildFile; fileRef = 07ABA3A21EE1ACDA00190BFC /* Collections.framework */; };
		07ABA3E81EE1AFB600190BFC /* CALayer+PDF.swift in Sources */ = {isa = PBXBuildFile; fileRef = 07ABA3E71EE1AFB600190BFC /* CALayer+PDF.swift */; };
		07ABA3E91EE1AFB600190BFC /* CALayer+PDF.swift in Sources */ = {isa = PBXBuildFile; fileRef = 07ABA3E71EE1AFB600190BFC /* CALayer+PDF.swift */; };
		07ABA3EB1EE1C7FA00190BFC /* PDFTests.swift in Sources */ = {isa = PBXBuildFile; fileRef = 07ABA3EA1EE1C7FA00190BFC /* PDFTests.swift */; };
		07ABA3EC1EE1C7FA00190BFC /* PDFTests.swift in Sources */ = {isa = PBXBuildFile; fileRef = 07ABA3EA1EE1C7FA00190BFC /* PDFTests.swift */; };
		07ABA3F01EE1E57D00190BFC /* TestFrame.swift in Sources */ = {isa = PBXBuildFile; fileRef = 07ABA3EF1EE1E57D00190BFC /* TestFrame.swift */; };
		07ABA3F11EE1E57D00190BFC /* TestFrame.swift in Sources */ = {isa = PBXBuildFile; fileRef = 07ABA3EF1EE1E57D00190BFC /* TestFrame.swift */; };
		07B8E2AB1EF4403600C9EF18 /* SVG.swift in Sources */ = {isa = PBXBuildFile; fileRef = 07B8E2AA1EF4403600C9EF18 /* SVG.swift */; };
		07B8E2AC1EF4403600C9EF18 /* SVG.swift in Sources */ = {isa = PBXBuildFile; fileRef = 07B8E2AA1EF4403600C9EF18 /* SVG.swift */; };
		07B8E2AE1EF4404300C9EF18 /* SVG.Parser.swift in Sources */ = {isa = PBXBuildFile; fileRef = 07B8E2AD1EF4404300C9EF18 /* SVG.Parser.swift */; };
		07B8E2AF1EF4404300C9EF18 /* SVG.Parser.swift in Sources */ = {isa = PBXBuildFile; fileRef = 07B8E2AD1EF4404300C9EF18 /* SVG.Parser.swift */; };
		07B8E2B91EF442AD00C9EF18 /* SVGTests.swift in Sources */ = {isa = PBXBuildFile; fileRef = 07B8E2B81EF442AD00C9EF18 /* SVGTests.swift */; };
		07B8E2BA1EF442AD00C9EF18 /* SVGTests.swift in Sources */ = {isa = PBXBuildFile; fileRef = 07B8E2B81EF442AD00C9EF18 /* SVGTests.swift */; };
		07D118051EF948A500BCE6C9 /* Fill+SVGInitializable.swift in Sources */ = {isa = PBXBuildFile; fileRef = 07D118041EF948A500BCE6C9 /* Fill+SVGInitializable.swift */; };
		07D118061EF948A500BCE6C9 /* Fill+SVGInitializable.swift in Sources */ = {isa = PBXBuildFile; fileRef = 07D118041EF948A500BCE6C9 /* Fill+SVGInitializable.swift */; };
		07D118081EF948EC00BCE6C9 /* Stroke+SVGInitializable.swift in Sources */ = {isa = PBXBuildFile; fileRef = 07D118071EF948EC00BCE6C9 /* Stroke+SVGInitializable.swift */; };
		07D118091EF948EC00BCE6C9 /* Stroke+SVGInitializable.swift in Sources */ = {isa = PBXBuildFile; fileRef = 07D118071EF948EC00BCE6C9 /* Stroke+SVGInitializable.swift */; };
		07D1180B1EF9495A00BCE6C9 /* Color+SVG.swift in Sources */ = {isa = PBXBuildFile; fileRef = 07D1180A1EF9495A00BCE6C9 /* Color+SVG.swift */; };
		07D1180C1EF9495A00BCE6C9 /* Color+SVG.swift in Sources */ = {isa = PBXBuildFile; fileRef = 07D1180A1EF9495A00BCE6C9 /* Color+SVG.swift */; };
		07D1181D1EF9679A00BCE6C9 /* polybezier.svg in CopyFiles */ = {isa = PBXBuildFile; fileRef = 07D1181C1EF9679400BCE6C9 /* polybezier.svg */; };
		07D1181E1EF967A100BCE6C9 /* polybezier.svg in CopyFiles */ = {isa = PBXBuildFile; fileRef = 07D1181C1EF9679400BCE6C9 /* polybezier.svg */; };
		07D3A0D71EF5490900641D15 /* multiple_groups.svg in CopyFiles */ = {isa = PBXBuildFile; fileRef = 07D3A0D51EF548FB00641D15 /* multiple_groups.svg */; };
		07D3A0D81EF5490900641D15 /* multiple_objects.svg in CopyFiles */ = {isa = PBXBuildFile; fileRef = 07D3A0D61EF548FB00641D15 /* multiple_objects.svg */; };
		07D3A0DB1EF5491B00641D15 /* multiple_groups.svg in CopyFiles */ = {isa = PBXBuildFile; fileRef = 07D3A0D51EF548FB00641D15 /* multiple_groups.svg */; };
		07D3A0DC1EF5491B00641D15 /* multiple_objects.svg in CopyFiles */ = {isa = PBXBuildFile; fileRef = 07D3A0D61EF548FB00641D15 /* multiple_objects.svg */; };
		07D3A0F61EF58AA200641D15 /* SVGInitializable.swift in Sources */ = {isa = PBXBuildFile; fileRef = 07D3A0F51EF58AA200641D15 /* SVGInitializable.swift */; };
		07D3A0F71EF58AA200641D15 /* SVGInitializable.swift in Sources */ = {isa = PBXBuildFile; fileRef = 07D3A0F51EF58AA200641D15 /* SVGInitializable.swift */; };
		07E8F2221F02939800493E47 /* Renderable.swift in Sources */ = {isa = PBXBuildFile; fileRef = 07E8F2211F02939800493E47 /* Renderable.swift */; };
		07E8F2231F02939800493E47 /* Renderable.swift in Sources */ = {isa = PBXBuildFile; fileRef = 07E8F2211F02939800493E47 /* Renderable.swift */; };
		07E8F2291F02951900493E47 /* CompositeRenderable.swift in Sources */ = {isa = PBXBuildFile; fileRef = 07E8F2281F02951900493E47 /* CompositeRenderable.swift */; };
		07E8F22A1F02951900493E47 /* CompositeRenderable.swift in Sources */ = {isa = PBXBuildFile; fileRef = 07E8F2281F02951900493E47 /* CompositeRenderable.swift */; };
		0C56CCD3163F739244E75E4D /* Cocoa.framework in Frameworks */ = {isa = PBXBuildFile; fileRef = EBE41F31AC5943193DF8009F /* Cocoa.framework */; };
		2EA995C2C248A0979BC2E6E1 /* PathTools.framework in Frameworks */ = {isa = PBXBuildFile; fileRef = F32459F613893A329A4CF0DE /* PathTools.framework */; };
		3EB442612FE008F7E4E588DA /* GraphicsTools.framework in CopyFiles */ = {isa = PBXBuildFile; fileRef = 55B6B4C4D85417529193D762 /* GraphicsTools.framework */; settings = {ATTRIBUTES = (CodeSignOnCopy, ); }; };
		6E5AEA81D6CD7042D31B961B /* Foundation.framework in Frameworks */ = {isa = PBXBuildFile; fileRef = F23DEF5C9360A63417596864 /* Foundation.framework */; };
		86B45F97708C30C9BAC9E12D /* PathTools.framework in Frameworks */ = {isa = PBXBuildFile; fileRef = EE62B8CA3BCAB542EB0626C8 /* PathTools.framework */; };
		A94F712C5F12ED0EFC349E9E /* Cocoa.framework in Frameworks */ = {isa = PBXBuildFile; fileRef = EBE41F31AC5943193DF8009F /* Cocoa.framework */; };
		B27D7085F6AABF7739F09AE0 /* GraphicsTools.h in Headers */ = {isa = PBXBuildFile; fileRef = 488C9F9C33792F48B0F51DE7 /* GraphicsTools.h */; settings = {ATTRIBUTES = (Public, ); }; };
		E5DFC2E0C19BC5CF0E8B1F83 /* GraphicsTools.framework in CopyFiles */ = {isa = PBXBuildFile; fileRef = D17EBDE8C860D1D14CAEC057 /* GraphicsTools.framework */; settings = {ATTRIBUTES = (CodeSignOnCopy, ); }; };
		F26C272E97DFE3042C32711A /* GraphicsTools.h in Headers */ = {isa = PBXBuildFile; fileRef = 488C9F9C33792F48B0F51DE7 /* GraphicsTools.h */; settings = {ATTRIBUTES = (Public, ); }; };
		FDA097E07045D1788A7EA9C7 /* Foundation.framework in Frameworks */ = {isa = PBXBuildFile; fileRef = F23DEF5C9360A63417596864 /* Foundation.framework */; };
/* End PBXBuildFile section */

/* Begin PBXContainerItemProxy section */
		79EADCC83BAA9C2E084356E6 /* PBXContainerItemProxy */ = {
			isa = PBXContainerItemProxy;
			containerPortal = 0B04BBD6DAB199FA087098EF /* Project object */;
			proxyType = 1;
			remoteGlobalIDString = CB47AA21D5B0EC9EDA82C7C2;
			remoteInfo = GraphicsTools;
		};
		B5D5BCE0DEBCB565953D908D /* PBXContainerItemProxy */ = {
			isa = PBXContainerItemProxy;
			containerPortal = 0B04BBD6DAB199FA087098EF /* Project object */;
			proxyType = 1;
			remoteGlobalIDString = BEDDB99DA77E5A16B87F57B0;
			remoteInfo = GraphicsToolsMac;
		};
/* End PBXContainerItemProxy section */

/* Begin PBXCopyFilesBuildPhase section */
		07B8E2B11EF440FC00C9EF18 /* CopyFiles */ = {
			isa = PBXCopyFilesBuildPhase;
			buildActionMask = 2147483647;
			dstPath = "";
			dstSubfolderSpec = 7;
			files = (
				076485181EF839DB0095FBB5 /* colors_opacity.svg in CopyFiles */,
				076485161EF818830095FBB5 /* fill_stroke_opacity.svg in CopyFiles */,
				079E694D1EF674630093A7ED /* stroke.svg in CopyFiles */,
				07D3A0DB1EF5491B00641D15 /* multiple_groups.svg in CopyFiles */,
				07D3A0DC1EF5491B00641D15 /* multiple_objects.svg in CopyFiles */,
				0726DC491EF5458B0055B9A1 /* rect.svg in CopyFiles */,
				0726DC4A1EF5458B0055B9A1 /* circle.svg in CopyFiles */,
				0726DC4B1EF5458B0055B9A1 /* curve1.svg in CopyFiles */,
				0726DC4C1EF5458B0055B9A1 /* curve2.svg in CopyFiles */,
				0726DC4D1EF5458B0055B9A1 /* ellipse.svg in CopyFiles */,
				0726DC4E1EF5458B0055B9A1 /* line.svg in CopyFiles */,
				0726DC4F1EF5458B0055B9A1 /* polyline.svg in CopyFiles */,
				0726DC501EF5458B0055B9A1 /* square.svg in CopyFiles */,
				07731ED61F06A00800BDDCD6 /* bbox.svg in CopyFiles */,
				07D1181D1EF9679A00BCE6C9 /* polybezier.svg in CopyFiles */,
				076484F01EF7EE070095FBB5 /* polygon.svg in CopyFiles */,
			);
			runOnlyForDeploymentPostprocessing = 0;
		};
		07B8E2B31EF4410600C9EF18 /* CopyFiles */ = {
			isa = PBXCopyFilesBuildPhase;
			buildActionMask = 2147483647;
			dstPath = "";
			dstSubfolderSpec = 7;
			files = (
				076485191EF839DF0095FBB5 /* colors_opacity.svg in CopyFiles */,
				076485151EF8187F0095FBB5 /* fill_stroke_opacity.svg in CopyFiles */,
				079E694C1EF674600093A7ED /* stroke.svg in CopyFiles */,
				0726DC511EF545900055B9A1 /* rect.svg in CopyFiles */,
				0726DC521EF545900055B9A1 /* circle.svg in CopyFiles */,
				0726DC531EF545900055B9A1 /* curve1.svg in CopyFiles */,
				0726DC541EF545900055B9A1 /* curve2.svg in CopyFiles */,
				0726DC551EF545900055B9A1 /* ellipse.svg in CopyFiles */,
				0726DC561EF545900055B9A1 /* line.svg in CopyFiles */,
				0726DC571EF545900055B9A1 /* polyline.svg in CopyFiles */,
				0726DC581EF545900055B9A1 /* square.svg in CopyFiles */,
				07D3A0D71EF5490900641D15 /* multiple_groups.svg in CopyFiles */,
				07D3A0D81EF5490900641D15 /* multiple_objects.svg in CopyFiles */,
				076484F11EF7EE0B0095FBB5 /* polygon.svg in CopyFiles */,
				07731ED71F06A00C00BDDCD6 /* bbox.svg in CopyFiles */,
				07D1181E1EF967A100BCE6C9 /* polybezier.svg in CopyFiles */,
			);
			runOnlyForDeploymentPostprocessing = 0;
		};
		2825C2889FAFBA5FEAFFF916 /* CopyFiles */ = {
			isa = PBXCopyFilesBuildPhase;
			buildActionMask = 2147483647;
			dstPath = "";
			dstSubfolderSpec = 7;
			files = (
				3EB442612FE008F7E4E588DA /* GraphicsTools.framework in CopyFiles */,
			);
			runOnlyForDeploymentPostprocessing = 0;
		};
		A16DB72448B711DFDAFFE70F /* CopyFiles */ = {
			isa = PBXCopyFilesBuildPhase;
			buildActionMask = 2147483647;
			dstPath = "";
			dstSubfolderSpec = 7;
			files = (
				E5DFC2E0C19BC5CF0E8B1F83 /* GraphicsTools.framework in CopyFiles */,
			);
			runOnlyForDeploymentPostprocessing = 0;
		};
/* End PBXCopyFilesBuildPhase section */

/* Begin PBXFileReference section */
		070D41621D1030C200C02AC9 /* GraphicsContainerType.swift */ = {isa = PBXFileReference; fileEncoding = 4; lastKnownFileType = sourcecode.swift; name = GraphicsContainerType.swift; path = GraphicsTools/GraphicsContainerType.swift; sourceTree = "<group>"; };
		0726DC411EF544CB0055B9A1 /* circle.svg */ = {isa = PBXFileReference; fileEncoding = 4; lastKnownFileType = text.xml; path = circle.svg; sourceTree = "<group>"; };
		0726DC421EF544CB0055B9A1 /* curve1.svg */ = {isa = PBXFileReference; fileEncoding = 4; lastKnownFileType = text.xml; path = curve1.svg; sourceTree = "<group>"; };
		0726DC431EF544CB0055B9A1 /* curve2.svg */ = {isa = PBXFileReference; fileEncoding = 4; lastKnownFileType = text.xml; path = curve2.svg; sourceTree = "<group>"; };
		0726DC441EF544CB0055B9A1 /* ellipse.svg */ = {isa = PBXFileReference; fileEncoding = 4; lastKnownFileType = text.xml; path = ellipse.svg; sourceTree = "<group>"; };
		0726DC451EF544CB0055B9A1 /* line.svg */ = {isa = PBXFileReference; fileEncoding = 4; lastKnownFileType = text.xml; path = line.svg; sourceTree = "<group>"; };
		0726DC461EF544CB0055B9A1 /* polyline.svg */ = {isa = PBXFileReference; fileEncoding = 4; lastKnownFileType = text.xml; path = polyline.svg; sourceTree = "<group>"; };
		0726DC471EF544CB0055B9A1 /* square.svg */ = {isa = PBXFileReference; fileEncoding = 4; lastKnownFileType = text.xml; path = square.svg; sourceTree = "<group>"; };
		0726DC481EF5451E0055B9A1 /* rect.svg */ = {isa = PBXFileReference; fileEncoding = 4; lastKnownFileType = text.xml; path = rect.svg; sourceTree = "<group>"; };
		07305A4B1D0F47EE006E4085 /* Buildable.swift */ = {isa = PBXFileReference; fileEncoding = 4; lastKnownFileType = sourcecode.swift; name = Buildable.swift; path = GraphicsTools/Buildable.swift; sourceTree = "<group>"; };
		07305A4C1D0F47EE006E4085 /* CompositeShapeType.swift */ = {isa = PBXFileReference; fileEncoding = 4; lastKnownFileType = sourcecode.swift; name = CompositeShapeType.swift; path = GraphicsTools/CompositeShapeType.swift; sourceTree = "<group>"; };
		07305A4D1D0F47EE006E4085 /* FrameMaking.swift */ = {isa = PBXFileReference; fileEncoding = 4; lastKnownFileType = sourcecode.swift; name = FrameMaking.swift; path = GraphicsTools/FrameMaking.swift; sourceTree = "<group>"; };
		07305A4E1D0F47EE006E4085 /* PathMaking.swift */ = {isa = PBXFileReference; fileEncoding = 4; lastKnownFileType = sourcecode.swift; name = PathMaking.swift; path = GraphicsTools/PathMaking.swift; sourceTree = "<group>"; };
		07305A4F1D0F47EE006E4085 /* ShapeType.swift */ = {isa = PBXFileReference; fileEncoding = 4; lastKnownFileType = sourcecode.swift; name = ShapeType.swift; path = GraphicsTools/ShapeType.swift; sourceTree = "<group>"; };
		073A6F0F1F02A90700AEFA5D /* RenderableTests.swift */ = {isa = PBXFileReference; fileEncoding = 4; lastKnownFileType = sourcecode.swift; name = RenderableTests.swift; path = GraphicsToolsTests/RenderableTests.swift; sourceTree = "<group>"; };
		0744B4BD1EF01273003F9B3A /* Text.swift */ = {isa = PBXFileReference; fileEncoding = 4; lastKnownFileType = sourcecode.swift; name = Text.swift; path = GraphicsTools/Text.swift; sourceTree = "<group>"; };
		0744B4C01EF01344003F9B3A /* Alignment.swift */ = {isa = PBXFileReference; fileEncoding = 4; lastKnownFileType = sourcecode.swift; name = Alignment.swift; path = GraphicsTools/Alignment.swift; sourceTree = "<group>"; };
		0744B4C31EF0154A003F9B3A /* Text+CATextLayer.swift */ = {isa = PBXFileReference; fileEncoding = 4; lastKnownFileType = sourcecode.swift; name = "Text+CATextLayer.swift"; path = "GraphicsTools/Text+CATextLayer.swift"; sourceTree = "<group>"; };
		0744B4C91EF01A53003F9B3A /* TextTests.swift */ = {isa = PBXFileReference; fileEncoding = 4; lastKnownFileType = sourcecode.swift; name = TextTests.swift; path = GraphicsToolsTests/TextTests.swift; sourceTree = "<group>"; };
		0748EEBD1E25816C003F19FD /* Renderer.swift */ = {isa = PBXFileReference; fileEncoding = 4; lastKnownFileType = sourcecode.swift; name = Renderer.swift; path = GraphicsTools/Renderer.swift; sourceTree = "<group>"; };
		0750C43B1EF0546E005840B8 /* TextBox.swift */ = {isa = PBXFileReference; fileEncoding = 4; lastKnownFileType = sourcecode.swift; name = TextBox.swift; path = GraphicsTools/TextBox.swift; sourceTree = "<group>"; };
		0750C43E1EF0549B005840B8 /* Insets.swift */ = {isa = PBXFileReference; fileEncoding = 4; lastKnownFileType = sourcecode.swift; name = Insets.swift; path = GraphicsTools/Insets.swift; sourceTree = "<group>"; };
		0750C4411EF05739005840B8 /* TextBox+CALayer.swift */ = {isa = PBXFileReference; fileEncoding = 4; lastKnownFileType = sourcecode.swift; name = "TextBox+CALayer.swift"; path = "GraphicsTools/TextBox+CALayer.swift"; sourceTree = "<group>"; };
		0750C4441EF05763005840B8 /* TextBoxTests.swift */ = {isa = PBXFileReference; fileEncoding = 4; lastKnownFileType = sourcecode.swift; name = TextBoxTests.swift; path = GraphicsToolsTests/TextBoxTests.swift; sourceTree = "<group>"; };
		0762009F1F03D5C300D62726 /* StyledPathTests.swift */ = {isa = PBXFileReference; fileEncoding = 4; lastKnownFileType = sourcecode.swift; name = StyledPathTests.swift; path = GraphicsTools/StyledPathTests.swift; sourceTree = "<group>"; };
		076484D41EF7DA490095FBB5 /* SVG.Group.swift */ = {isa = PBXFileReference; fileEncoding = 4; lastKnownFileType = sourcecode.swift; name = SVG.Group.swift; path = GraphicsTools/SVG.Group.swift; sourceTree = "<group>"; };
		076484D71EF7E7610095FBB5 /* Point+SVG.swift */ = {isa = PBXFileReference; fileEncoding = 4; lastKnownFileType = sourcecode.swift; name = "Point+SVG.swift"; path = "GraphicsTools/Point+SVG.swift"; sourceTree = "<group>"; };
		076484DA1EF7E7800095FBB5 /* Rectangle+SVG.swift */ = {isa = PBXFileReference; fileEncoding = 4; lastKnownFileType = sourcecode.swift; name = "Rectangle+SVG.swift"; path = "GraphicsTools/Rectangle+SVG.swift"; sourceTree = "<group>"; };
		076484E01EF7E7E10095FBB5 /* PathElement+SVG.swift */ = {isa = PBXFileReference; fileEncoding = 4; lastKnownFileType = sourcecode.swift; name = "PathElement+SVG.swift"; path = "GraphicsTools/PathElement+SVG.swift"; sourceTree = "<group>"; };
		076484E31EF7E82D0095FBB5 /* Path+SVG.swift */ = {isa = PBXFileReference; fileEncoding = 4; lastKnownFileType = sourcecode.swift; name = "Path+SVG.swift"; path = "GraphicsTools/Path+SVG.swift"; sourceTree = "<group>"; };
		076484E61EF7E8560095FBB5 /* StyledPath+SVGInitializable.swift */ = {isa = PBXFileReference; fileEncoding = 4; lastKnownFileType = sourcecode.swift; name = "StyledPath+SVGInitializable.swift"; path = "GraphicsTools/StyledPath+SVGInitializable.swift"; sourceTree = "<group>"; };
		076484E91EF7EAA70095FBB5 /* Double+SVG.swift */ = {isa = PBXFileReference; fileEncoding = 4; lastKnownFileType = sourcecode.swift; name = "Double+SVG.swift"; path = "GraphicsTools/Double+SVG.swift"; sourceTree = "<group>"; };
		076484EC1EF7ECD30095FBB5 /* Polygon+SVG.swift */ = {isa = PBXFileReference; fileEncoding = 4; lastKnownFileType = sourcecode.swift; name = "Polygon+SVG.swift"; path = "GraphicsTools/Polygon+SVG.swift"; sourceTree = "<group>"; };
		076484EF1EF7EDFF0095FBB5 /* polygon.svg */ = {isa = PBXFileReference; fileEncoding = 4; lastKnownFileType = text.xml; path = polygon.svg; sourceTree = "<group>"; };
		076484F21EF800EF0095FBB5 /* StyledPath+CAShapeLayer.swift */ = {isa = PBXFileReference; fileEncoding = 4; lastKnownFileType = sourcecode.swift; name = "StyledPath+CAShapeLayer.swift"; path = "GraphicsTools/StyledPath+CAShapeLayer.swift"; sourceTree = "<group>"; };
		076484F51EF801900095FBB5 /* StyledPath.Composite+CALayer.swift */ = {isa = PBXFileReference; fileEncoding = 4; lastKnownFileType = sourcecode.swift; name = "StyledPath.Composite+CALayer.swift"; path = "GraphicsTools/StyledPath.Composite+CALayer.swift"; sourceTree = "<group>"; };
		076484F81EF802EB0095FBB5 /* StyledPath.Composite+SVG.swift */ = {isa = PBXFileReference; fileEncoding = 4; lastKnownFileType = sourcecode.swift; name = "StyledPath.Composite+SVG.swift"; path = "GraphicsTools/StyledPath.Composite+SVG.swift"; sourceTree = "<group>"; };
		076484FB1EF809E20095FBB5 /* SVG+CALayer.swift */ = {isa = PBXFileReference; fileEncoding = 4; lastKnownFileType = sourcecode.swift; name = "SVG+CALayer.swift"; path = "GraphicsTools/SVG+CALayer.swift"; sourceTree = "<group>"; };
		076484FE1EF812E20095FBB5 /* ColorTests.swift */ = {isa = PBXFileReference; fileEncoding = 4; lastKnownFileType = sourcecode.swift; name = ColorTests.swift; path = GraphicsToolsTests/ColorTests.swift; sourceTree = "<group>"; };
		076485021EF8140B0095FBB5 /* Line+SVG.swift */ = {isa = PBXFileReference; fileEncoding = 4; lastKnownFileType = sourcecode.swift; name = "Line+SVG.swift"; path = "GraphicsTools/Line+SVG.swift"; sourceTree = "<group>"; };
		076485051EF814320095FBB5 /* Polyline+SVG.swift */ = {isa = PBXFileReference; fileEncoding = 4; lastKnownFileType = sourcecode.swift; name = "Polyline+SVG.swift"; path = "GraphicsTools/Polyline+SVG.swift"; sourceTree = "<group>"; };
		076485081EF814590095FBB5 /* Cirlce+SVG.swift */ = {isa = PBXFileReference; fileEncoding = 4; lastKnownFileType = sourcecode.swift; name = "Cirlce+SVG.swift"; path = "GraphicsTools/Cirlce+SVG.swift"; sourceTree = "<group>"; };
		0764850B1EF814720095FBB5 /* Ellipse+SVG.swift */ = {isa = PBXFileReference; fileEncoding = 4; lastKnownFileType = sourcecode.swift; name = "Ellipse+SVG.swift"; path = "GraphicsTools/Ellipse+SVG.swift"; sourceTree = "<group>"; };
		076485111EF817870095FBB5 /* Styling+SVGInitializable.swift */ = {isa = PBXFileReference; fileEncoding = 4; lastKnownFileType = sourcecode.swift; name = "Styling+SVGInitializable.swift"; path = "GraphicsTools/Styling+SVGInitializable.swift"; sourceTree = "<group>"; };
		076485141EF818750095FBB5 /* fill_stroke_opacity.svg */ = {isa = PBXFileReference; fileEncoding = 4; lastKnownFileType = text.xml; path = fill_stroke_opacity.svg; sourceTree = "<group>"; };
		076485171EF839D40095FBB5 /* colors_opacity.svg */ = {isa = PBXFileReference; fileEncoding = 4; lastKnownFileType = text.xml; path = colors_opacity.svg; sourceTree = "<group>"; };
		076715691F029F980073AA6F /* StyledPath.Composite.swift */ = {isa = PBXFileReference; fileEncoding = 4; lastKnownFileType = sourcecode.swift; name = StyledPath.Composite.swift; path = GraphicsTools/StyledPath.Composite.swift; sourceTree = "<group>"; };
		076D04601E2D1CB00023ED96 /* Color.swift */ = {isa = PBXFileReference; fileEncoding = 4; lastKnownFileType = sourcecode.swift; name = Color.swift; path = GraphicsTools/Color.swift; sourceTree = "<group>"; };
		076D04631E2D22C50023ED96 /* Color+CGColor.swift */ = {isa = PBXFileReference; fileEncoding = 4; lastKnownFileType = sourcecode.swift; name = "Color+CGColor.swift"; path = "GraphicsTools/Color+CGColor.swift"; sourceTree = "<group>"; };
		076D04701E2D2D740023ED96 /* LayoutNode.swift */ = {isa = PBXFileReference; fileEncoding = 4; lastKnownFileType = sourcecode.swift; name = LayoutNode.swift; path = GraphicsTools/LayoutNode.swift; sourceTree = "<group>"; };
		076D04731E2D2F050023ED96 /* LayoutNodeTests.swift */ = {isa = PBXFileReference; fileEncoding = 4; lastKnownFileType = sourcecode.swift; name = LayoutNodeTests.swift; path = GraphicsToolsTests/LayoutNodeTests.swift; sourceTree = "<group>"; };
		07731ED51F06A00100BDDCD6 /* bbox.svg */ = {isa = PBXFileReference; fileEncoding = 4; lastKnownFileType = text.xml; path = bbox.svg; sourceTree = "<group>"; };
		0789227C1EF2E3030037C572 /* Fill.swift */ = {isa = PBXFileReference; fileEncoding = 4; lastKnownFileType = sourcecode.swift; name = Fill.swift; path = GraphicsTools/Fill.swift; sourceTree = "<group>"; };
		0789227F1EF2E3130037C572 /* Stoke.swift */ = {isa = PBXFileReference; fileEncoding = 4; lastKnownFileType = sourcecode.swift; name = Stoke.swift; path = GraphicsTools/Stoke.swift; sourceTree = "<group>"; };
		079E69451EF5DF240093A7ED /* Styling.swift */ = {isa = PBXFileReference; fileEncoding = 4; lastKnownFileType = sourcecode.swift; name = Styling.swift; path = GraphicsTools/Styling.swift; sourceTree = "<group>"; };
		079E69481EF5DF8F0093A7ED /* StyledPath.swift */ = {isa = PBXFileReference; fileEncoding = 4; lastKnownFileType = sourcecode.swift; name = StyledPath.swift; path = GraphicsTools/StyledPath.swift; sourceTree = "<group>"; };
		079E694B1EF674570093A7ED /* stroke.svg */ = {isa = PBXFileReference; fileEncoding = 4; lastKnownFileType = text.xml; path = stroke.svg; sourceTree = "<group>"; };
		07ABA3A11EE1ACDA00190BFC /* ArithmeticTools.framework */ = {isa = PBXFileReference; lastKnownFileType = wrapper.framework; name = ArithmeticTools.framework; path = Carthage/Build/iOS/ArithmeticTools.framework; sourceTree = "<group>"; };
		07ABA3A21EE1ACDA00190BFC /* Collections.framework */ = {isa = PBXFileReference; lastKnownFileType = wrapper.framework; name = Collections.framework; path = Carthage/Build/iOS/Collections.framework; sourceTree = "<group>"; };
		07ABA3E71EE1AFB600190BFC /* CALayer+PDF.swift */ = {isa = PBXFileReference; fileEncoding = 4; lastKnownFileType = sourcecode.swift; name = "CALayer+PDF.swift"; path = "GraphicsTools/CALayer+PDF.swift"; sourceTree = "<group>"; };
		07ABA3EA1EE1C7FA00190BFC /* PDFTests.swift */ = {isa = PBXFileReference; fileEncoding = 4; lastKnownFileType = sourcecode.swift; name = PDFTests.swift; path = GraphicsToolsTests/PDFTests.swift; sourceTree = "<group>"; };
		07ABA3EF1EE1E57D00190BFC /* TestFrame.swift */ = {isa = PBXFileReference; fileEncoding = 4; lastKnownFileType = sourcecode.swift; name = TestFrame.swift; path = GraphicsTools/TestFrame.swift; sourceTree = "<group>"; };
		07B8E2AA1EF4403600C9EF18 /* SVG.swift */ = {isa = PBXFileReference; fileEncoding = 4; lastKnownFileType = sourcecode.swift; name = SVG.swift; path = GraphicsTools/SVG.swift; sourceTree = "<group>"; };
		07B8E2AD1EF4404300C9EF18 /* SVG.Parser.swift */ = {isa = PBXFileReference; fileEncoding = 4; lastKnownFileType = sourcecode.swift; name = SVG.Parser.swift; path = GraphicsTools/SVG.Parser.swift; sourceTree = "<group>"; };
		07B8E2B81EF442AD00C9EF18 /* SVGTests.swift */ = {isa = PBXFileReference; fileEncoding = 4; lastKnownFileType = sourcecode.swift; name = SVGTests.swift; path = GraphicsToolsTests/SVGTests.swift; sourceTree = "<group>"; };
		07D118041EF948A500BCE6C9 /* Fill+SVGInitializable.swift */ = {isa = PBXFileReference; fileEncoding = 4; lastKnownFileType = sourcecode.swift; name = "Fill+SVGInitializable.swift"; path = "GraphicsTools/Fill+SVGInitializable.swift"; sourceTree = "<group>"; };
		07D118071EF948EC00BCE6C9 /* Stroke+SVGInitializable.swift */ = {isa = PBXFileReference; fileEncoding = 4; lastKnownFileType = sourcecode.swift; name = "Stroke+SVGInitializable.swift"; path = "GraphicsTools/Stroke+SVGInitializable.swift"; sourceTree = "<group>"; };
		07D1180A1EF9495A00BCE6C9 /* Color+SVG.swift */ = {isa = PBXFileReference; fileEncoding = 4; lastKnownFileType = sourcecode.swift; name = "Color+SVG.swift"; path = "GraphicsTools/Color+SVG.swift"; sourceTree = "<group>"; };
		07D1181C1EF9679400BCE6C9 /* polybezier.svg */ = {isa = PBXFileReference; fileEncoding = 4; lastKnownFileType = text.xml; path = polybezier.svg; sourceTree = "<group>"; };
		07D3A0D51EF548FB00641D15 /* multiple_groups.svg */ = {isa = PBXFileReference; fileEncoding = 4; lastKnownFileType = text.xml; path = multiple_groups.svg; sourceTree = "<group>"; };
		07D3A0D61EF548FB00641D15 /* multiple_objects.svg */ = {isa = PBXFileReference; fileEncoding = 4; lastKnownFileType = text.xml; path = multiple_objects.svg; sourceTree = "<group>"; };
		07D3A0F51EF58AA200641D15 /* SVGInitializable.swift */ = {isa = PBXFileReference; fileEncoding = 4; lastKnownFileType = sourcecode.swift; name = SVGInitializable.swift; path = GraphicsTools/SVGInitializable.swift; sourceTree = "<group>"; };
		07E8F2211F02939800493E47 /* Renderable.swift */ = {isa = PBXFileReference; fileEncoding = 4; lastKnownFileType = sourcecode.swift; name = Renderable.swift; path = GraphicsTools/Renderable.swift; sourceTree = "<group>"; };
		07E8F2281F02951900493E47 /* CompositeRenderable.swift */ = {isa = PBXFileReference; fileEncoding = 4; lastKnownFileType = sourcecode.swift; name = CompositeRenderable.swift; path = GraphicsTools/CompositeRenderable.swift; sourceTree = "<group>"; };
		1AC915E6D64AA1A2072FAA9D /* GraphicsTools macOS Tests.xctest */ = {isa = PBXFileReference; explicitFileType = wrapper.cfbundle; includeInIndex = 0; path = "GraphicsTools macOS Tests.xctest"; sourceTree = BUILT_PRODUCTS_DIR; };
		2C5A07620DC1BE344B2CC5D3 /* Info.plist */ = {isa = PBXFileReference; includeInIndex = 1; lastKnownFileType = text.plist.xml; name = Info.plist; path = GraphicsToolsTests/Info.plist; sourceTree = "<group>"; };
		3EE4F42166106014BBC4DD96 /* GraphicsTools.framework */ = {isa = PBXFileReference; explicitFileType = wrapper.framework; includeInIndex = 0; path = GraphicsTools.framework; sourceTree = BUILT_PRODUCTS_DIR; };
		488C9F9C33792F48B0F51DE7 /* GraphicsTools.h */ = {isa = PBXFileReference; includeInIndex = 1; lastKnownFileType = sourcecode.c.h; name = GraphicsTools.h; path = GraphicsTools/GraphicsTools.h; sourceTree = "<group>"; };
		509E0002B0FB0CFF8524F37A /* GraphicsTools.framework */ = {isa = PBXFileReference; explicitFileType = wrapper.framework; includeInIndex = 0; path = GraphicsTools.framework; sourceTree = BUILT_PRODUCTS_DIR; };
		55B6B4C4D85417529193D762 /* GraphicsTools.framework */ = {isa = PBXFileReference; includeInIndex = 1; lastKnownFileType = wrapper.framework; path = GraphicsTools.framework; sourceTree = BUILT_PRODUCTS_DIR; };
		5F9BB74D0893C6E54A94EAD6 /* Info.plist */ = {isa = PBXFileReference; includeInIndex = 1; lastKnownFileType = text.plist.xml; name = Info.plist; path = GraphicsTools/Info.plist; sourceTree = "<group>"; };
		83E1D5E578D7F5A2044A6FA0 /* GraphicsTools iOS Tests.xctest */ = {isa = PBXFileReference; explicitFileType = wrapper.cfbundle; includeInIndex = 0; path = "GraphicsTools iOS Tests.xctest"; sourceTree = BUILT_PRODUCTS_DIR; };
		D17EBDE8C860D1D14CAEC057 /* GraphicsTools.framework */ = {isa = PBXFileReference; includeInIndex = 1; lastKnownFileType = wrapper.framework; path = GraphicsTools.framework; sourceTree = BUILT_PRODUCTS_DIR; };
		EBE41F31AC5943193DF8009F /* Cocoa.framework */ = {isa = PBXFileReference; lastKnownFileType = wrapper.framework; name = Cocoa.framework; path = Platforms/MacOSX.platform/Developer/SDKs/MacOSX10.11.sdk/System/Library/Frameworks/Cocoa.framework; sourceTree = DEVELOPER_DIR; };
		EE62B8CA3BCAB542EB0626C8 /* PathTools.framework */ = {isa = PBXFileReference; lastKnownFileType = wrapper.framework; name = PathTools.framework; path = Carthage/Build/iOS/PathTools.framework; sourceTree = "<group>"; };
		F23DEF5C9360A63417596864 /* Foundation.framework */ = {isa = PBXFileReference; lastKnownFileType = wrapper.framework; name = Foundation.framework; path = Platforms/iPhoneOS.platform/Developer/SDKs/iPhoneOS9.0.sdk/System/Library/Frameworks/Foundation.framework; sourceTree = DEVELOPER_DIR; };
		F32459F613893A329A4CF0DE /* PathTools.framework */ = {isa = PBXFileReference; lastKnownFileType = wrapper.framework; name = PathTools.framework; path = Carthage/Build/Mac/PathTools.framework; sourceTree = "<group>"; };
/* End PBXFileReference section */

/* Begin PBXFrameworksBuildPhase section */
		118057998F4F04DD0F6A51B5 /* Frameworks */ = {
			isa = PBXFrameworksBuildPhase;
			buildActionMask = 2147483647;
			files = (
				07ABA3A51EE1ACDA00190BFC /* Collections.framework in Frameworks */,
				6E5AEA81D6CD7042D31B961B /* Foundation.framework in Frameworks */,
				07ABA3A31EE1ACDA00190BFC /* ArithmeticTools.framework in Frameworks */,
				86B45F97708C30C9BAC9E12D /* PathTools.framework in Frameworks */,
			);
			runOnlyForDeploymentPostprocessing = 0;
		};
		143C57BC48DE08DF872E822A /* Frameworks */ = {
			isa = PBXFrameworksBuildPhase;
			buildActionMask = 2147483647;
			files = (
				07ABA3A61EE1ACDA00190BFC /* Collections.framework in Frameworks */,
				0C56CCD3163F739244E75E4D /* Cocoa.framework in Frameworks */,
				07ABA3A41EE1ACDA00190BFC /* ArithmeticTools.framework in Frameworks */,
				2EA995C2C248A0979BC2E6E1 /* PathTools.framework in Frameworks */,
			);
			runOnlyForDeploymentPostprocessing = 0;
		};
		CC067F0C1DD8256AE7043609 /* Frameworks */ = {
			isa = PBXFrameworksBuildPhase;
			buildActionMask = 2147483647;
			files = (
				A94F712C5F12ED0EFC349E9E /* Cocoa.framework in Frameworks */,
			);
			runOnlyForDeploymentPostprocessing = 0;
		};
		E5E0940A69326869BD43BDAF /* Frameworks */ = {
			isa = PBXFrameworksBuildPhase;
			buildActionMask = 2147483647;
			files = (
				FDA097E07045D1788A7EA9C7 /* Foundation.framework in Frameworks */,
			);
			runOnlyForDeploymentPostprocessing = 0;
		};
/* End PBXFrameworksBuildPhase section */

/* Begin PBXGroup section */
		0741EE541EE5665F0002769D /* Quartz */ = {
			isa = PBXGroup;
			children = (
				076D04631E2D22C50023ED96 /* Color+CGColor.swift */,
				076484FB1EF809E20095FBB5 /* SVG+CALayer.swift */,
				076484F21EF800EF0095FBB5 /* StyledPath+CAShapeLayer.swift */,
				076484F51EF801900095FBB5 /* StyledPath.Composite+CALayer.swift */,
				0744B4C31EF0154A003F9B3A /* Text+CATextLayer.swift */,
				0750C4411EF05739005840B8 /* TextBox+CALayer.swift */,
			);
			name = Quartz;
			sourceTree = "<group>";
		};
		076485011EF813E90095FBB5 /* Geometry */ = {
			isa = PBXGroup;
			children = (
				076484D71EF7E7610095FBB5 /* Point+SVG.swift */,
				076485021EF8140B0095FBB5 /* Line+SVG.swift */,
				076484DA1EF7E7800095FBB5 /* Rectangle+SVG.swift */,
				076485081EF814590095FBB5 /* Cirlce+SVG.swift */,
				0764850B1EF814720095FBB5 /* Ellipse+SVG.swift */,
				076484EC1EF7ECD30095FBB5 /* Polygon+SVG.swift */,
				076485051EF814320095FBB5 /* Polyline+SVG.swift */,
			);
			name = Geometry;
			sourceTree = "<group>";
		};
		0764850E1EF815860095FBB5 /* Path */ = {
			isa = PBXGroup;
			children = (
				076484E31EF7E82D0095FBB5 /* Path+SVG.swift */,
				076484E01EF7E7E10095FBB5 /* PathElement+SVG.swift */,
			);
			name = Path;
			sourceTree = "<group>";
		};
		0764850F1EF817470095FBB5 /* Primitive */ = {
			isa = PBXGroup;
			children = (
				076484E91EF7EAA70095FBB5 /* Double+SVG.swift */,
			);
			name = Primitive;
			sourceTree = "<group>";
		};
		076485101EF817660095FBB5 /* StyledPath */ = {
			isa = PBXGroup;
			children = (
				076484E61EF7E8560095FBB5 /* StyledPath+SVGInitializable.swift */,
				076484F81EF802EB0095FBB5 /* StyledPath.Composite+SVG.swift */,
				076485111EF817870095FBB5 /* Styling+SVGInitializable.swift */,
				07D118041EF948A500BCE6C9 /* Fill+SVGInitializable.swift */,
				07D118071EF948EC00BCE6C9 /* Stroke+SVGInitializable.swift */,
				07D1180A1EF9495A00BCE6C9 /* Color+SVG.swift */,
			);
			name = StyledPath;
			sourceTree = "<group>";
		};
		076715651F0299190073AA6F /* Old Protocols (deprecated) */ = {
			isa = PBXGroup;
			children = (
				0748EEBD1E25816C003F19FD /* Renderer.swift */,
				07305A4B1D0F47EE006E4085 /* Buildable.swift */,
				07305A4D1D0F47EE006E4085 /* FrameMaking.swift */,
				07305A4E1D0F47EE006E4085 /* PathMaking.swift */,
				070D41621D1030C200C02AC9 /* GraphicsContainerType.swift */,
				07305A4C1D0F47EE006E4085 /* CompositeShapeType.swift */,
				07305A4F1D0F47EE006E4085 /* ShapeType.swift */,
			);
			name = "Old Protocols (deprecated)";
			sourceTree = "<group>";
		};
		076D046F1E2D2CA60023ED96 /* Layout */ = {
			isa = PBXGroup;
			children = (
				0744B4C01EF01344003F9B3A /* Alignment.swift */,
				0750C43E1EF0549B005840B8 /* Insets.swift */,
				076D04701E2D2D740023ED96 /* LayoutNode.swift */,
			);
			name = Layout;
			sourceTree = "<group>";
		};
		07731ED81F06A04F00BDDCD6 /* StyledPath */ = {
			isa = PBXGroup;
			children = (
				079E69481EF5DF8F0093A7ED /* StyledPath.swift */,
				076715691F029F980073AA6F /* StyledPath.Composite.swift */,
				079E69451EF5DF240093A7ED /* Styling.swift */,
				0789227C1EF2E3030037C572 /* Fill.swift */,
				0789227F1EF2E3130037C572 /* Stoke.swift */,
			);
			name = StyledPath;
			sourceTree = "<group>";
		};
		07ABA3E61EE1AF7600190BFC /* Output */ = {
			isa = PBXGroup;
			children = (
				07ABA3E71EE1AFB600190BFC /* CALayer+PDF.swift */,
			);
			name = Output;
			sourceTree = "<group>";
		};
		07ABA3EE1EE1E56600190BFC /* Testing */ = {
			isa = PBXGroup;
			children = (
				07ABA3EF1EE1E57D00190BFC /* TestFrame.swift */,
			);
			name = Testing;
			sourceTree = "<group>";
		};
		07B8E2A91EF4402300C9EF18 /* SVG */ = {
			isa = PBXGroup;
			children = (
				07B8E2AA1EF4403600C9EF18 /* SVG.swift */,
				076484D41EF7DA490095FBB5 /* SVG.Group.swift */,
				07B8E2AD1EF4404300C9EF18 /* SVG.Parser.swift */,
				07D3A0F51EF58AA200641D15 /* SVGInitializable.swift */,
				076485101EF817660095FBB5 /* StyledPath */,
				0764850E1EF815860095FBB5 /* Path */,
				076485011EF813E90095FBB5 /* Geometry */,
				0764850F1EF817470095FBB5 /* Primitive */,
			);
			name = SVG;
			sourceTree = "<group>";
		};
		07E8F2241F0294EF00493E47 /* Renderable */ = {
			isa = PBXGroup;
			children = (
				07E8F2211F02939800493E47 /* Renderable.swift */,
				07E8F2281F02951900493E47 /* CompositeRenderable.swift */,
			);
			name = Renderable;
			sourceTree = "<group>";
		};
		28D592D8D4AD3C2DE51F5183 /* Supporting Files */ = {
			isa = PBXGroup;
			children = (
				2C5A07620DC1BE344B2CC5D3 /* Info.plist */,
			);
			name = "Supporting Files";
			sourceTree = "<group>";
		};
		420F28E80455172199B61EA7 /* GraphicsTools */ = {
			isa = PBXGroup;
			children = (
				07B8E2A91EF4402300C9EF18 /* SVG */,
				0741EE541EE5665F0002769D /* Quartz */,
				07ABA3EE1EE1E56600190BFC /* Testing */,
				07ABA3E61EE1AF7600190BFC /* Output */,
				076D046F1E2D2CA60023ED96 /* Layout */,
				076715651F0299190073AA6F /* Old Protocols (deprecated) */,
				07E8F2241F0294EF00493E47 /* Renderable */,
				07731ED81F06A04F00BDDCD6 /* StyledPath */,
				076D04601E2D1CB00023ED96 /* Color.swift */,
				0744B4BD1EF01273003F9B3A /* Text.swift */,
				0750C43B1EF0546E005840B8 /* TextBox.swift */,
				E73F96132868A0F651B29140 /* Supporting Files */,
			);
			name = GraphicsTools;
			sourceTree = "<group>";
		};
		5285216C693702AF91A0B87D /* iOS */ = {
			isa = PBXGroup;
			children = (
				F23DEF5C9360A63417596864 /* Foundation.framework */,
				07ABA3A11EE1ACDA00190BFC /* ArithmeticTools.framework */,
				07ABA3A21EE1ACDA00190BFC /* Collections.framework */,
				EE62B8CA3BCAB542EB0626C8 /* PathTools.framework */,
			);
			name = iOS;
			sourceTree = "<group>";
		};
		61BE38DD4E3A380CBCE9E329 /* Frameworks */ = {
			isa = PBXGroup;
			children = (
				5285216C693702AF91A0B87D /* iOS */,
				73904CCBDB1B071F217EA6B1 /* OS X */,
			);
			name = Frameworks;
			sourceTree = "<group>";
		};
		679B847ADCF6C39386070714 /* GraphicsToolsTests */ = {
			isa = PBXGroup;
			children = (
				28D592D8D4AD3C2DE51F5183 /* Supporting Files */,
				076D04731E2D2F050023ED96 /* LayoutNodeTests.swift */,
				0744B4C91EF01A53003F9B3A /* TextTests.swift */,
				0750C4441EF05763005840B8 /* TextBoxTests.swift */,
				07ABA3EA1EE1C7FA00190BFC /* PDFTests.swift */,
				073A6F0F1F02A90700AEFA5D /* RenderableTests.swift */,
				07B8E2B81EF442AD00C9EF18 /* SVGTests.swift */,
				076484FE1EF812E20095FBB5 /* ColorTests.swift */,
				0762009F1F03D5C300D62726 /* StyledPathTests.swift */,
			);
			name = GraphicsToolsTests;
			sourceTree = "<group>";
		};
		67EC57398EAF5A6B82310E32 = {
			isa = PBXGroup;
			children = (
				E682D628200F2F59E6C5A014 /* Products */,
				61BE38DD4E3A380CBCE9E329 /* Frameworks */,
				420F28E80455172199B61EA7 /* GraphicsTools */,
				679B847ADCF6C39386070714 /* GraphicsToolsTests */,
				488C9F9C33792F48B0F51DE7 /* GraphicsTools.h */,
			);
			sourceTree = "<group>";
		};
		73904CCBDB1B071F217EA6B1 /* OS X */ = {
			isa = PBXGroup;
			children = (
				EBE41F31AC5943193DF8009F /* Cocoa.framework */,
				F32459F613893A329A4CF0DE /* PathTools.framework */,
			);
			name = "OS X";
			sourceTree = "<group>";
		};
		E682D628200F2F59E6C5A014 /* Products */ = {
			isa = PBXGroup;
			children = (
				3EE4F42166106014BBC4DD96 /* GraphicsTools.framework */,
				83E1D5E578D7F5A2044A6FA0 /* GraphicsTools iOS Tests.xctest */,
				509E0002B0FB0CFF8524F37A /* GraphicsTools.framework */,
				1AC915E6D64AA1A2072FAA9D /* GraphicsTools macOS Tests.xctest */,
			);
			name = Products;
			sourceTree = "<group>";
		};
		E73F96132868A0F651B29140 /* Supporting Files */ = {
			isa = PBXGroup;
			children = (
				07D1181C1EF9679400BCE6C9 /* polybezier.svg */,
				076485171EF839D40095FBB5 /* colors_opacity.svg */,
				079E694B1EF674570093A7ED /* stroke.svg */,
				076485141EF818750095FBB5 /* fill_stroke_opacity.svg */,
				07D3A0D51EF548FB00641D15 /* multiple_groups.svg */,
				07D3A0D61EF548FB00641D15 /* multiple_objects.svg */,
				0726DC481EF5451E0055B9A1 /* rect.svg */,
				0726DC411EF544CB0055B9A1 /* circle.svg */,
				0726DC421EF544CB0055B9A1 /* curve1.svg */,
				0726DC431EF544CB0055B9A1 /* curve2.svg */,
				0726DC441EF544CB0055B9A1 /* ellipse.svg */,
				0726DC451EF544CB0055B9A1 /* line.svg */,
				0726DC461EF544CB0055B9A1 /* polyline.svg */,
				0726DC471EF544CB0055B9A1 /* square.svg */,
				076484EF1EF7EDFF0095FBB5 /* polygon.svg */,
				07731ED51F06A00100BDDCD6 /* bbox.svg */,
				5F9BB74D0893C6E54A94EAD6 /* Info.plist */,
			);
			name = "Supporting Files";
			sourceTree = "<group>";
		};
/* End PBXGroup section */

/* Begin PBXHeadersBuildPhase section */
		E9A68062D2FE958A2DEC30AA /* Headers */ = {
			isa = PBXHeadersBuildPhase;
			buildActionMask = 2147483647;
			files = (
				B27D7085F6AABF7739F09AE0 /* GraphicsTools.h in Headers */,
			);
			runOnlyForDeploymentPostprocessing = 0;
		};
		FE2318A15879097ABFE01903 /* Headers */ = {
			isa = PBXHeadersBuildPhase;
			buildActionMask = 2147483647;
			files = (
				F26C272E97DFE3042C32711A /* GraphicsTools.h in Headers */,
			);
			runOnlyForDeploymentPostprocessing = 0;
		};
/* End PBXHeadersBuildPhase section */

/* Begin PBXNativeTarget section */
		2F46D806635EA5F6999506E1 /* GraphicsTools macOS Tests */ = {
			isa = PBXNativeTarget;
			buildConfigurationList = 63D33E612BA5C24C53D54F93 /* Build configuration list for PBXNativeTarget "GraphicsTools macOS Tests" */;
			buildPhases = (
				5C945FA33B166733F8B640BF /* Sources */,
				CC067F0C1DD8256AE7043609 /* Frameworks */,
				A16DB72448B711DFDAFFE70F /* CopyFiles */,
				07072ADC1D96F4F4006876C1 /* ShellScript */,
			);
			buildRules = (
			);
			dependencies = (
				40CF5DA59BE8A07DB9FFC366 /* PBXTargetDependency */,
			);
			name = "GraphicsTools macOS Tests";
			productName = GraphicsToolsMacTests;
			productReference = 1AC915E6D64AA1A2072FAA9D /* GraphicsTools macOS Tests.xctest */;
			productType = "com.apple.product-type.bundle.unit-test";
		};
		A2FF81B83EBFC6672C5E5BAD /* GraphicsTools iOS Tests */ = {
			isa = PBXNativeTarget;
			buildConfigurationList = A77397FE476F130C008067D9 /* Build configuration list for PBXNativeTarget "GraphicsTools iOS Tests" */;
			buildPhases = (
				B9170661B287E4C33CAB3213 /* Sources */,
				E5E0940A69326869BD43BDAF /* Frameworks */,
				2825C2889FAFBA5FEAFFF916 /* CopyFiles */,
				07072ADB1D96F4D8006876C1 /* ShellScript */,
				07ABA3ED1EE1DFD200190BFC /* ShellScript */,
			);
			buildRules = (
			);
			dependencies = (
				9578B568386EF07F42316B27 /* PBXTargetDependency */,
			);
			name = "GraphicsTools iOS Tests";
			productName = GraphicsToolsTests;
			productReference = 83E1D5E578D7F5A2044A6FA0 /* GraphicsTools iOS Tests.xctest */;
			productType = "com.apple.product-type.bundle.unit-test";
		};
		BEDDB99DA77E5A16B87F57B0 /* GraphicsTools macOS */ = {
			isa = PBXNativeTarget;
			buildConfigurationList = 060F1FE319F564519BB8A242 /* Build configuration list for PBXNativeTarget "GraphicsTools macOS" */;
			buildPhases = (
				56FB2BD06CD79A443967FCAA /* Sources */,
				143C57BC48DE08DF872E822A /* Frameworks */,
				E9A68062D2FE958A2DEC30AA /* Headers */,
				07B8E2B31EF4410600C9EF18 /* CopyFiles */,
			);
			buildRules = (
			);
			dependencies = (
			);
			name = "GraphicsTools macOS";
			productName = GraphicsToolsMac;
			productReference = 509E0002B0FB0CFF8524F37A /* GraphicsTools.framework */;
			productType = "com.apple.product-type.framework";
		};
		CB47AA21D5B0EC9EDA82C7C2 /* GraphicsTools iOS */ = {
			isa = PBXNativeTarget;
			buildConfigurationList = 623FFC4C21FE5389B654F06E /* Build configuration list for PBXNativeTarget "GraphicsTools iOS" */;
			buildPhases = (
				51E776C4324C6D76EA796F49 /* Sources */,
				118057998F4F04DD0F6A51B5 /* Frameworks */,
				FE2318A15879097ABFE01903 /* Headers */,
				07B8E2B11EF440FC00C9EF18 /* CopyFiles */,
			);
			buildRules = (
			);
			dependencies = (
			);
			name = "GraphicsTools iOS";
			productName = GraphicsTools;
			productReference = 3EE4F42166106014BBC4DD96 /* GraphicsTools.framework */;
			productType = "com.apple.product-type.framework";
		};
/* End PBXNativeTarget section */

/* Begin PBXProject section */
		0B04BBD6DAB199FA087098EF /* Project object */ = {
			isa = PBXProject;
			attributes = {
				LastSwiftUpdateCheck = 0730;
				LastUpgradeCheck = 0800;
				TargetAttributes = {
					2F46D806635EA5F6999506E1 = {
						LastSwiftMigration = 0820;
					};
					A2FF81B83EBFC6672C5E5BAD = {
						LastSwiftMigration = 0820;
					};
					CB47AA21D5B0EC9EDA82C7C2 = {
						LastSwiftMigration = 0800;
					};
				};
			};
			buildConfigurationList = 1D633F0F2BDAF7C373EBD0AF /* Build configuration list for PBXProject "GraphicsTools" */;
			compatibilityVersion = "Xcode 3.2";
			developmentRegion = English;
			hasScannedForEncodings = 0;
			knownRegions = (
				en,
			);
			mainGroup = 67EC57398EAF5A6B82310E32;
			productRefGroup = E682D628200F2F59E6C5A014 /* Products */;
			projectDirPath = "";
			projectRoot = "";
			targets = (
				CB47AA21D5B0EC9EDA82C7C2 /* GraphicsTools iOS */,
				A2FF81B83EBFC6672C5E5BAD /* GraphicsTools iOS Tests */,
				BEDDB99DA77E5A16B87F57B0 /* GraphicsTools macOS */,
				2F46D806635EA5F6999506E1 /* GraphicsTools macOS Tests */,
			);
		};
/* End PBXProject section */

/* Begin PBXShellScriptBuildPhase section */
		07072ADB1D96F4D8006876C1 /* ShellScript */ = {
			isa = PBXShellScriptBuildPhase;
			buildActionMask = 2147483647;
			files = (
			);
			inputPaths = (
				"$(SRCROOT)/Carthage/Build/iOS/ArithmeticTools.framework",
				"$(SRCROOT)/Carthage/Build/iOS/Collections.framework",
				"$(SRCROOT)/Carthage/Build/iOS/GeometryTools.framework",
				"$(SRCROOT)/Carthage/Build/iOS/PathTools.framework",
				"$(SRCROOT)/Carthage/Build/iOS/SWXMLHash.framework",
			);
			outputPaths = (
			);
			runOnlyForDeploymentPostprocessing = 0;
			shellPath = /bin/sh;
			shellScript = "/usr/local/bin/carthage copy-frameworks";
		};
		07072ADC1D96F4F4006876C1 /* ShellScript */ = {
			isa = PBXShellScriptBuildPhase;
			buildActionMask = 2147483647;
			files = (
			);
			inputPaths = (
				"$(SRCROOT)/Carthage/Build/Mac/ArithmeticTools.framework",
				"$(SRCROOT)/Carthage/Build/Mac/Collections.framework",
				"$(SRCROOT)/Carthage/Build/Mac/GeometryTools.framework",
				"$(SRCROOT)/Carthage/Build/Mac/PathTools.framework",
				"$(SRCROOT)/Carthage/Build/Mac/SWXMLHash.framework",
			);
			outputPaths = (
			);
			runOnlyForDeploymentPostprocessing = 0;
			shellPath = /bin/sh;
			shellScript = "/usr/local/bin/carthage copy-frameworks";
		};
		07ABA3ED1EE1DFD200190BFC /* ShellScript */ = {
			isa = PBXShellScriptBuildPhase;
			buildActionMask = 2147483647;
			files = (
			);
			inputPaths = (
			);
			outputPaths = (
			);
			runOnlyForDeploymentPostprocessing = 0;
			shellPath = /bin/sh;
			shellScript = "echo \"${SRCROOT}\"";
		};
/* End PBXShellScriptBuildPhase section */

/* Begin PBXSourcesBuildPhase section */
		51E776C4324C6D76EA796F49 /* Sources */ = {
			isa = PBXSourcesBuildPhase;
			buildActionMask = 2147483647;
			files = (
				076484E71EF7E8560095FBB5 /* StyledPath+SVGInitializable.swift in Sources */,
				076484D51EF7DA490095FBB5 /* SVG.Group.swift in Sources */,
				07305A501D0F47EE006E4085 /* Buildable.swift in Sources */,
				076484E11EF7E7E10095FBB5 /* PathElement+SVG.swift in Sources */,
				076484E41EF7E82D0095FBB5 /* Path+SVG.swift in Sources */,
				076485121EF817870095FBB5 /* Styling+SVGInitializable.swift in Sources */,
				07D118081EF948EC00BCE6C9 /* Stroke+SVGInitializable.swift in Sources */,
				0744B4BE1EF01273003F9B3A /* Text.swift in Sources */,
				076484DB1EF7E7800095FBB5 /* Rectangle+SVG.swift in Sources */,
				076484F31EF800EF0095FBB5 /* StyledPath+CAShapeLayer.swift in Sources */,
				079E69461EF5DF240093A7ED /* Styling.swift in Sources */,
				078922801EF2E3130037C572 /* Stoke.swift in Sources */,
				0750C4421EF05739005840B8 /* TextBox+CALayer.swift in Sources */,
				07E8F2291F02951900493E47 /* CompositeRenderable.swift in Sources */,
				07305A541D0F47EE006E4085 /* FrameMaking.swift in Sources */,
				076484EA1EF7EAA70095FBB5 /* Double+SVG.swift in Sources */,
				07E8F2221F02939800493E47 /* Renderable.swift in Sources */,
				07ABA3E81EE1AFB600190BFC /* CALayer+PDF.swift in Sources */,
				0748EEBE1E25816C003F19FD /* Renderer.swift in Sources */,
				076484D81EF7E7610095FBB5 /* Point+SVG.swift in Sources */,
				070D41631D1030C200C02AC9 /* GraphicsContainerType.swift in Sources */,
				07ABA3F01EE1E57D00190BFC /* TestFrame.swift in Sources */,
				076485031EF8140B0095FBB5 /* Line+SVG.swift in Sources */,
				0767156A1F029F980073AA6F /* StyledPath.Composite.swift in Sources */,
				076485061EF814320095FBB5 /* Polyline+SVG.swift in Sources */,
				07D3A0F61EF58AA200641D15 /* SVGInitializable.swift in Sources */,
				0744B4C11EF01344003F9B3A /* Alignment.swift in Sources */,
				0750C43C1EF0546E005840B8 /* TextBox.swift in Sources */,
				0764850C1EF814720095FBB5 /* Ellipse+SVG.swift in Sources */,
				076D04641E2D22C50023ED96 /* Color+CGColor.swift in Sources */,
				076484ED1EF7ECD30095FBB5 /* Polygon+SVG.swift in Sources */,
				07305A581D0F47EE006E4085 /* ShapeType.swift in Sources */,
				076D04611E2D1CB00023ED96 /* Color.swift in Sources */,
				079E69491EF5DF8F0093A7ED /* StyledPath.swift in Sources */,
				076484F61EF801900095FBB5 /* StyledPath.Composite+CALayer.swift in Sources */,
				0750C43F1EF0549B005840B8 /* Insets.swift in Sources */,
				0789227D1EF2E3030037C572 /* Fill.swift in Sources */,
				076484F91EF802EB0095FBB5 /* StyledPath.Composite+SVG.swift in Sources */,
				076485091EF814590095FBB5 /* Cirlce+SVG.swift in Sources */,
				076484FC1EF809E20095FBB5 /* SVG+CALayer.swift in Sources */,
				0744B4C41EF0154A003F9B3A /* Text+CATextLayer.swift in Sources */,
				07305A521D0F47EE006E4085 /* CompositeShapeType.swift in Sources */,
				07D1180B1EF9495A00BCE6C9 /* Color+SVG.swift in Sources */,
				07D118051EF948A500BCE6C9 /* Fill+SVGInitializable.swift in Sources */,
				07305A561D0F47EE006E4085 /* PathMaking.swift in Sources */,
				076D04711E2D2D740023ED96 /* LayoutNode.swift in Sources */,
				07B8E2AB1EF4403600C9EF18 /* SVG.swift in Sources */,
				07B8E2AE1EF4404300C9EF18 /* SVG.Parser.swift in Sources */,
			);
			runOnlyForDeploymentPostprocessing = 0;
		};
		56FB2BD06CD79A443967FCAA /* Sources */ = {
			isa = PBXSourcesBuildPhase;
			buildActionMask = 2147483647;
			files = (
				076484E81EF7E8560095FBB5 /* StyledPath+SVGInitializable.swift in Sources */,
				076484D61EF7DA490095FBB5 /* SVG.Group.swift in Sources */,
				07305A511D0F47EE006E4085 /* Buildable.swift in Sources */,
				076484E21EF7E7E10095FBB5 /* PathElement+SVG.swift in Sources */,
				076484E51EF7E82D0095FBB5 /* Path+SVG.swift in Sources */,
				076485131EF817870095FBB5 /* Styling+SVGInitializable.swift in Sources */,
				07D118091EF948EC00BCE6C9 /* Stroke+SVGInitializable.swift in Sources */,
				0744B4BF1EF01273003F9B3A /* Text.swift in Sources */,
				076484DC1EF7E7800095FBB5 /* Rectangle+SVG.swift in Sources */,
				076484F41EF800EF0095FBB5 /* StyledPath+CAShapeLayer.swift in Sources */,
				079E69471EF5DF240093A7ED /* Styling.swift in Sources */,
				078922811EF2E3130037C572 /* Stoke.swift in Sources */,
				0750C4431EF05739005840B8 /* TextBox+CALayer.swift in Sources */,
				07E8F22A1F02951900493E47 /* CompositeRenderable.swift in Sources */,
				07305A551D0F47EE006E4085 /* FrameMaking.swift in Sources */,
				076484EB1EF7EAA70095FBB5 /* Double+SVG.swift in Sources */,
				07E8F2231F02939800493E47 /* Renderable.swift in Sources */,
				07ABA3E91EE1AFB600190BFC /* CALayer+PDF.swift in Sources */,
				0748EEBF1E25816C003F19FD /* Renderer.swift in Sources */,
				076484D91EF7E7610095FBB5 /* Point+SVG.swift in Sources */,
				070D41641D1030C200C02AC9 /* GraphicsContainerType.swift in Sources */,
				07ABA3F11EE1E57D00190BFC /* TestFrame.swift in Sources */,
				076485041EF8140B0095FBB5 /* Line+SVG.swift in Sources */,
				0767156B1F029F980073AA6F /* StyledPath.Composite.swift in Sources */,
				076485071EF814320095FBB5 /* Polyline+SVG.swift in Sources */,
				07D3A0F71EF58AA200641D15 /* SVGInitializable.swift in Sources */,
				0744B4C21EF01344003F9B3A /* Alignment.swift in Sources */,
				0750C43D1EF0546E005840B8 /* TextBox.swift in Sources */,
				0764850D1EF814720095FBB5 /* Ellipse+SVG.swift in Sources */,
				076D04651E2D22C50023ED96 /* Color+CGColor.swift in Sources */,
				076484EE1EF7ECD30095FBB5 /* Polygon+SVG.swift in Sources */,
				07305A591D0F47EE006E4085 /* ShapeType.swift in Sources */,
				076D04621E2D1CB00023ED96 /* Color.swift in Sources */,
				079E694A1EF5DF8F0093A7ED /* StyledPath.swift in Sources */,
				076484F71EF801900095FBB5 /* StyledPath.Composite+CALayer.swift in Sources */,
				0750C4401EF0549B005840B8 /* Insets.swift in Sources */,
				0789227E1EF2E3030037C572 /* Fill.swift in Sources */,
				076484FA1EF802EB0095FBB5 /* StyledPath.Composite+SVG.swift in Sources */,
				0764850A1EF814590095FBB5 /* Cirlce+SVG.swift in Sources */,
				076484FD1EF809E20095FBB5 /* SVG+CALayer.swift in Sources */,
				0744B4C51EF0154A003F9B3A /* Text+CATextLayer.swift in Sources */,
				07305A531D0F47EE006E4085 /* CompositeShapeType.swift in Sources */,
				07D1180C1EF9495A00BCE6C9 /* Color+SVG.swift in Sources */,
				07D118061EF948A500BCE6C9 /* Fill+SVGInitializable.swift in Sources */,
				07305A571D0F47EE006E4085 /* PathMaking.swift in Sources */,
				076D04721E2D2D740023ED96 /* LayoutNode.swift in Sources */,
				07B8E2AC1EF4403600C9EF18 /* SVG.swift in Sources */,
				07B8E2AF1EF4404300C9EF18 /* SVG.Parser.swift in Sources */,
			);
			runOnlyForDeploymentPostprocessing = 0;
		};
		5C945FA33B166733F8B640BF /* Sources */ = {
			isa = PBXSourcesBuildPhase;
			buildActionMask = 2147483647;
			files = (
				07ABA3EC1EE1C7FA00190BFC /* PDFTests.swift in Sources */,
				0744B4CB1EF01A53003F9B3A /* TextTests.swift in Sources */,
				0750C4461EF05763005840B8 /* TextBoxTests.swift in Sources */,
				07B8E2BA1EF442AD00C9EF18 /* SVGTests.swift in Sources */,
				076485001EF812E20095FBB5 /* ColorTests.swift in Sources */,
				076200A11F03D5C300D62726 /* StyledPathTests.swift in Sources */,
				076D04751E2D2F060023ED96 /* LayoutNodeTests.swift in Sources */,
				073A6F111F02A90700AEFA5D /* RenderableTests.swift in Sources */,
			);
			runOnlyForDeploymentPostprocessing = 0;
		};
		B9170661B287E4C33CAB3213 /* Sources */ = {
			isa = PBXSourcesBuildPhase;
			buildActionMask = 2147483647;
			files = (
				07ABA3EB1EE1C7FA00190BFC /* PDFTests.swift in Sources */,
				0744B4CA1EF01A53003F9B3A /* TextTests.swift in Sources */,
				0750C4451EF05763005840B8 /* TextBoxTests.swift in Sources */,
				07B8E2B91EF442AD00C9EF18 /* SVGTests.swift in Sources */,
				076484FF1EF812E20095FBB5 /* ColorTests.swift in Sources */,
				076200A01F03D5C300D62726 /* StyledPathTests.swift in Sources */,
				076D04741E2D2F050023ED96 /* LayoutNodeTests.swift in Sources */,
				073A6F101F02A90700AEFA5D /* RenderableTests.swift in Sources */,
			);
			runOnlyForDeploymentPostprocessing = 0;
		};
/* End PBXSourcesBuildPhase section */

/* Begin PBXTargetDependency section */
		40CF5DA59BE8A07DB9FFC366 /* PBXTargetDependency */ = {
			isa = PBXTargetDependency;
			name = GraphicsToolsMac;
			target = BEDDB99DA77E5A16B87F57B0 /* GraphicsTools macOS */;
			targetProxy = B5D5BCE0DEBCB565953D908D /* PBXContainerItemProxy */;
		};
		9578B568386EF07F42316B27 /* PBXTargetDependency */ = {
			isa = PBXTargetDependency;
			name = GraphicsTools;
			target = CB47AA21D5B0EC9EDA82C7C2 /* GraphicsTools iOS */;
			targetProxy = 79EADCC83BAA9C2E084356E6 /* PBXContainerItemProxy */;
		};
/* End PBXTargetDependency section */

/* Begin XCBuildConfiguration section */
		34C977F5EB1A94F8FA5CBFEE /* Debug */ = {
			isa = XCBuildConfiguration;
			buildSettings = {
				ALWAYS_EMBED_SWIFT_STANDARD_LIBRARIES = NO;
				CLANG_ENABLE_MODULES = YES;
				"CODE_SIGN_IDENTITY[sdk=iphoneos*]" = "";
				CURRENT_PROJECT_VERSION = 1;
				DEFINES_MODULE = YES;
				DYLIB_COMPATIBILITY_VERSION = 1;
				DYLIB_CURRENT_VERSION = 1;
				DYLIB_INSTALL_NAME_BASE = "@rpath";
				ENABLE_BITCODE = NO;
				ENABLE_STRICT_OBJC_MSGSEND = YES;
				FRAMEWORK_SEARCH_PATHS = "$(SRCROOT)/Carthage/Build/iOS";
				INFOPLIST_FILE = GraphicsTools/Info.plist;
				INSTALL_PATH = "$(LOCAL_LIBRARY_DIR)/Frameworks";
				IPHONEOS_DEPLOYMENT_TARGET = 8.4;
				LD_RUNPATH_SEARCH_PATHS = "$(inherited) @executable_path/Frameworks @loader_path/Frameworks";
				MTL_ENABLE_DEBUG_INFO = YES;
				PRODUCT_BUNDLE_IDENTIFIER = com.bean.GraphicsTools;
				PRODUCT_NAME = GraphicsTools;
				SDKROOT = iphoneos;
				SKIP_INSTALL = YES;
				SWIFT_OPTIMIZATION_LEVEL = "-Onone";
				SWIFT_VERSION = 3.0;
				TARGETED_DEVICE_FAMILY = "1,2";
				VERSIONING_SYSTEM = "apple-generic";
				VERSION_INFO_PREFIX = "";
			};
			name = Debug;
		};
		6B056ADD616EA736A09D2C51 /* Release */ = {
			isa = XCBuildConfiguration;
			buildSettings = {
				ALWAYS_EMBED_SWIFT_STANDARD_LIBRARIES = NO;
				CLANG_ENABLE_MODULES = YES;
				CODE_SIGN_IDENTITY = "";
				COMBINE_HIDPI_IMAGES = YES;
				CURRENT_PROJECT_VERSION = 1;
				DEBUG_INFORMATION_FORMAT = "dwarf-with-dsym";
				DEFINES_MODULE = YES;
				DYLIB_COMPATIBILITY_VERSION = 1;
				DYLIB_CURRENT_VERSION = 1;
				DYLIB_INSTALL_NAME_BASE = "@rpath";
				ENABLE_STRICT_OBJC_MSGSEND = YES;
				FRAMEWORK_SEARCH_PATHS = "$(SRCROOT)/Carthage/Build/Mac";
				FRAMEWORK_VERSION = A;
				INFOPLIST_FILE = GraphicsTools/Info.plist;
				INSTALL_PATH = "$(LOCAL_LIBRARY_DIR)/Frameworks";
				LD_RUNPATH_SEARCH_PATHS = "$(inherited) @executable_path/../Frameworks @loader_path/Frameworks";
				MACOSX_DEPLOYMENT_TARGET = 10.9;
				MTL_ENABLE_DEBUG_INFO = NO;
				PRODUCT_BUNDLE_IDENTIFIER = com.bean.GraphicsTools;
				PRODUCT_NAME = GraphicsTools;
				SDKROOT = macosx;
				SKIP_INSTALL = YES;
				SWIFT_VERSION = 3.0;
				VERSIONING_SYSTEM = "apple-generic";
				VERSION_INFO_PREFIX = "";
			};
			name = Release;
		};
		73C597390C04519122432341 /* Debug */ = {
			isa = XCBuildConfiguration;
			buildSettings = {
				ALWAYS_EMBED_SWIFT_STANDARD_LIBRARIES = NO;
				CLANG_ENABLE_MODULES = YES;
				CODE_SIGN_IDENTITY = "";
				COMBINE_HIDPI_IMAGES = YES;
				CURRENT_PROJECT_VERSION = 1;
				DEFINES_MODULE = YES;
				DYLIB_COMPATIBILITY_VERSION = 1;
				DYLIB_CURRENT_VERSION = 1;
				DYLIB_INSTALL_NAME_BASE = "@rpath";
				ENABLE_STRICT_OBJC_MSGSEND = YES;
				FRAMEWORK_SEARCH_PATHS = "$(SRCROOT)/Carthage/Build/Mac";
				FRAMEWORK_VERSION = A;
				INFOPLIST_FILE = GraphicsTools/Info.plist;
				INSTALL_PATH = "$(LOCAL_LIBRARY_DIR)/Frameworks";
				LD_RUNPATH_SEARCH_PATHS = "$(inherited) @executable_path/../Frameworks @loader_path/Frameworks";
				MACOSX_DEPLOYMENT_TARGET = 10.9;
				MTL_ENABLE_DEBUG_INFO = YES;
				PRODUCT_BUNDLE_IDENTIFIER = com.bean.GraphicsTools;
				PRODUCT_NAME = GraphicsTools;
				SDKROOT = macosx;
				SKIP_INSTALL = YES;
				SWIFT_OPTIMIZATION_LEVEL = "-Onone";
				SWIFT_VERSION = 3.0;
				VERSIONING_SYSTEM = "apple-generic";
				VERSION_INFO_PREFIX = "";
			};
			name = Debug;
		};
		7B581FA06377B74A53504E0A /* Release */ = {
			isa = XCBuildConfiguration;
			buildSettings = {
				ALWAYS_SEARCH_USER_PATHS = NO;
				CLANG_CXX_LANGUAGE_STANDARD = "gnu++0x";
				CLANG_CXX_LIBRARY = "libc++";
				CLANG_ENABLE_MODULES = YES;
				CLANG_ENABLE_OBJC_ARC = YES;
				CLANG_WARN_BOOL_CONVERSION = YES;
				CLANG_WARN_CONSTANT_CONVERSION = YES;
				CLANG_WARN_DIRECT_OBJC_ISA_USAGE = YES;
				CLANG_WARN_EMPTY_BODY = YES;
				CLANG_WARN_ENUM_CONVERSION = YES;
				CLANG_WARN_INFINITE_RECURSION = YES;
				CLANG_WARN_INT_CONVERSION = YES;
				CLANG_WARN_OBJC_ROOT_CLASS = YES;
				CLANG_WARN_SUSPICIOUS_MOVE = YES;
				CLANG_WARN_UNREACHABLE_CODE = YES;
				CLANG_WARN__DUPLICATE_METHOD_MATCH = YES;
				COPY_PHASE_STRIP = YES;
				ENABLE_NS_ASSERTIONS = NO;
				ENABLE_STRICT_OBJC_MSGSEND = YES;
				ENABLE_TESTABILITY = YES;
				GCC_C_LANGUAGE_STANDARD = gnu99;
				GCC_NO_COMMON_BLOCKS = YES;
				GCC_WARN_64_TO_32_BIT_CONVERSION = YES;
				GCC_WARN_ABOUT_RETURN_TYPE = YES;
				GCC_WARN_UNDECLARED_SELECTOR = YES;
				GCC_WARN_UNINITIALIZED_AUTOS = YES;
				GCC_WARN_UNUSED_FUNCTION = YES;
				GCC_WARN_UNUSED_VARIABLE = YES;
				SWIFT_OPTIMIZATION_LEVEL = "-Owholemodule";
				VALIDATE_PRODUCT = YES;
			};
			name = Release;
		};
		90C8E08E5163E9A565E2D72F /* Debug */ = {
			isa = XCBuildConfiguration;
			buildSettings = {
				ALWAYS_EMBED_SWIFT_STANDARD_LIBRARIES = YES;
				CLANG_ENABLE_MODULES = YES;
				ENABLE_STRICT_OBJC_MSGSEND = YES;
				FRAMEWORK_SEARCH_PATHS = "$(SRCROOT)/Carthage/Build/iOS";
				INFOPLIST_FILE = GraphicsToolsTests/Info.plist;
				IPHONEOS_DEPLOYMENT_TARGET = 9.3;
				LD_RUNPATH_SEARCH_PATHS = "$(inherited) @executable_path/Frameworks @loader_path/Frameworks $(SRCROOT)/Carthage/Build/iOS";
				MTL_ENABLE_DEBUG_INFO = YES;
				PRODUCT_NAME = "$(TARGET_NAME)";
				SDKROOT = iphoneos;
				SWIFT_OPTIMIZATION_LEVEL = "-Onone";
				SWIFT_VERSION = 3.0;
			};
			name = Debug;
		};
		991A1B0FFF16929BEB3AFF8D /* Debug */ = {
			isa = XCBuildConfiguration;
			buildSettings = {
				ALWAYS_EMBED_SWIFT_STANDARD_LIBRARIES = YES;
				CLANG_ENABLE_MODULES = YES;
				COMBINE_HIDPI_IMAGES = YES;
				ENABLE_STRICT_OBJC_MSGSEND = YES;
				FRAMEWORK_SEARCH_PATHS = "$(SRCROOT)/Carthage/Build/Mac";
				INFOPLIST_FILE = GraphicsToolsTests/Info.plist;
				LD_RUNPATH_SEARCH_PATHS = "$(inherited) @executable_path/../Frameworks @loader_path/../Frameworks $(SRCROOT)/Carthage/Build/Mac";
				MACOSX_DEPLOYMENT_TARGET = 10.9;
				MTL_ENABLE_DEBUG_INFO = YES;
				PRODUCT_NAME = "$(TARGET_NAME)";
				SDKROOT = macosx;
				SWIFT_OPTIMIZATION_LEVEL = "-Onone";
				SWIFT_VERSION = 3.0;
			};
			name = Debug;
		};
		B5A612455641920355ECFB33 /* Release */ = {
			isa = XCBuildConfiguration;
			buildSettings = {
				ALWAYS_EMBED_SWIFT_STANDARD_LIBRARIES = YES;
				CLANG_ENABLE_MODULES = YES;
				ENABLE_STRICT_OBJC_MSGSEND = YES;
				FRAMEWORK_SEARCH_PATHS = "$(SRCROOT)/Carthage/Build/iOS";
				INFOPLIST_FILE = GraphicsToolsTests/Info.plist;
				IPHONEOS_DEPLOYMENT_TARGET = 9.3;
				LD_RUNPATH_SEARCH_PATHS = "$(inherited) @executable_path/Frameworks @loader_path/Frameworks $(SRCROOT)/Carthage/Build/iOS";
				MTL_ENABLE_DEBUG_INFO = NO;
				PRODUCT_NAME = "$(TARGET_NAME)";
				SDKROOT = iphoneos;
				SWIFT_VERSION = 3.0;
			};
			name = Release;
		};
		CE4C5AD274BA0EDBC6F916A8 /* Release */ = {
			isa = XCBuildConfiguration;
			buildSettings = {
				ALWAYS_EMBED_SWIFT_STANDARD_LIBRARIES = NO;
				CLANG_ENABLE_MODULES = YES;
				"CODE_SIGN_IDENTITY[sdk=iphoneos*]" = "";
				CURRENT_PROJECT_VERSION = 1;
				DEFINES_MODULE = YES;
				DYLIB_COMPATIBILITY_VERSION = 1;
				DYLIB_CURRENT_VERSION = 1;
				DYLIB_INSTALL_NAME_BASE = "@rpath";
				ENABLE_BITCODE = NO;
				ENABLE_STRICT_OBJC_MSGSEND = YES;
				FRAMEWORK_SEARCH_PATHS = "$(SRCROOT)/Carthage/Build/iOS";
				INFOPLIST_FILE = GraphicsTools/Info.plist;
				INSTALL_PATH = "$(LOCAL_LIBRARY_DIR)/Frameworks";
				IPHONEOS_DEPLOYMENT_TARGET = 8.4;
				LD_RUNPATH_SEARCH_PATHS = "$(inherited) @executable_path/Frameworks @loader_path/Frameworks";
				MTL_ENABLE_DEBUG_INFO = NO;
				PRODUCT_BUNDLE_IDENTIFIER = com.bean.GraphicsTools;
				PRODUCT_NAME = GraphicsTools;
				SDKROOT = iphoneos;
				SKIP_INSTALL = YES;
				SWIFT_VERSION = 3.0;
				TARGETED_DEVICE_FAMILY = "1,2";
				VERSIONING_SYSTEM = "apple-generic";
				VERSION_INFO_PREFIX = "";
			};
			name = Release;
		};
		D28E973EADBAF5C8C553C978 /* Release */ = {
			isa = XCBuildConfiguration;
			buildSettings = {
				ALWAYS_EMBED_SWIFT_STANDARD_LIBRARIES = YES;
				CLANG_ENABLE_MODULES = YES;
				COMBINE_HIDPI_IMAGES = YES;
				DEBUG_INFORMATION_FORMAT = "dwarf-with-dsym";
				ENABLE_STRICT_OBJC_MSGSEND = YES;
				FRAMEWORK_SEARCH_PATHS = "$(SRCROOT)/Carthage/Build/Mac";
				INFOPLIST_FILE = GraphicsToolsTests/Info.plist;
				LD_RUNPATH_SEARCH_PATHS = "$(inherited) @executable_path/../Frameworks @loader_path/../Frameworks $(SRCROOT)/Carthage/Build/Mac";
				MACOSX_DEPLOYMENT_TARGET = 10.9;
				MTL_ENABLE_DEBUG_INFO = NO;
				PRODUCT_NAME = "$(TARGET_NAME)";
				SDKROOT = macosx;
				SWIFT_VERSION = 3.0;
			};
			name = Release;
		};
		E65D3C46D6605FED5A2E524F /* Debug */ = {
			isa = XCBuildConfiguration;
			buildSettings = {
				ALWAYS_SEARCH_USER_PATHS = NO;
				CLANG_CXX_LANGUAGE_STANDARD = "gnu++0x";
				CLANG_CXX_LIBRARY = "libc++";
				CLANG_ENABLE_MODULES = YES;
				CLANG_ENABLE_OBJC_ARC = YES;
				CLANG_WARN_BOOL_CONVERSION = YES;
				CLANG_WARN_CONSTANT_CONVERSION = YES;
				CLANG_WARN_DIRECT_OBJC_ISA_USAGE = YES;
				CLANG_WARN_EMPTY_BODY = YES;
				CLANG_WARN_ENUM_CONVERSION = YES;
				CLANG_WARN_INFINITE_RECURSION = YES;
				CLANG_WARN_INT_CONVERSION = YES;
				CLANG_WARN_OBJC_ROOT_CLASS = YES;
				CLANG_WARN_SUSPICIOUS_MOVE = YES;
				CLANG_WARN_UNREACHABLE_CODE = YES;
				CLANG_WARN__DUPLICATE_METHOD_MATCH = YES;
				COPY_PHASE_STRIP = NO;
				ENABLE_STRICT_OBJC_MSGSEND = YES;
				ENABLE_TESTABILITY = YES;
				GCC_C_LANGUAGE_STANDARD = gnu99;
				GCC_DYNAMIC_NO_PIC = NO;
				GCC_NO_COMMON_BLOCKS = YES;
				GCC_OPTIMIZATION_LEVEL = 0;
				GCC_PREPROCESSOR_DEFINITIONS = (
					"DEBUG=1",
					"$(inherited)",
				);
				GCC_SYMBOLS_PRIVATE_EXTERN = NO;
				GCC_WARN_64_TO_32_BIT_CONVERSION = YES;
				GCC_WARN_ABOUT_RETURN_TYPE = YES;
				GCC_WARN_UNDECLARED_SELECTOR = YES;
				GCC_WARN_UNINITIALIZED_AUTOS = YES;
				GCC_WARN_UNUSED_FUNCTION = YES;
				GCC_WARN_UNUSED_VARIABLE = YES;
				ONLY_ACTIVE_ARCH = YES;
			};
			name = Debug;
		};
/* End XCBuildConfiguration section */

/* Begin XCConfigurationList section */
		060F1FE319F564519BB8A242 /* Build configuration list for PBXNativeTarget "GraphicsTools macOS" */ = {
			isa = XCConfigurationList;
			buildConfigurations = (
				6B056ADD616EA736A09D2C51 /* Release */,
				73C597390C04519122432341 /* Debug */,
			);
			defaultConfigurationIsVisible = 0;
			defaultConfigurationName = Release;
		};
		1D633F0F2BDAF7C373EBD0AF /* Build configuration list for PBXProject "GraphicsTools" */ = {
			isa = XCConfigurationList;
			buildConfigurations = (
				E65D3C46D6605FED5A2E524F /* Debug */,
				7B581FA06377B74A53504E0A /* Release */,
			);
			defaultConfigurationIsVisible = 0;
			defaultConfigurationName = Release;
		};
		623FFC4C21FE5389B654F06E /* Build configuration list for PBXNativeTarget "GraphicsTools iOS" */ = {
			isa = XCConfigurationList;
			buildConfigurations = (
				CE4C5AD274BA0EDBC6F916A8 /* Release */,
				34C977F5EB1A94F8FA5CBFEE /* Debug */,
			);
			defaultConfigurationIsVisible = 0;
			defaultConfigurationName = Release;
		};
		63D33E612BA5C24C53D54F93 /* Build configuration list for PBXNativeTarget "GraphicsTools macOS Tests" */ = {
			isa = XCConfigurationList;
			buildConfigurations = (
				D28E973EADBAF5C8C553C978 /* Release */,
				991A1B0FFF16929BEB3AFF8D /* Debug */,
			);
			defaultConfigurationIsVisible = 0;
			defaultConfigurationName = Release;
		};
		A77397FE476F130C008067D9 /* Build configuration list for PBXNativeTarget "GraphicsTools iOS Tests" */ = {
			isa = XCConfigurationList;
			buildConfigurations = (
				B5A612455641920355ECFB33 /* Release */,
				90C8E08E5163E9A565E2D72F /* Debug */,
			);
			defaultConfigurationIsVisible = 0;
			defaultConfigurationName = Release;
		};
/* End XCConfigurationList section */
	};
	rootObject = 0B04BBD6DAB199FA087098EF /* Project object */;
}
