// !$*UTF8*$!
{
	archiveVersion = 1;
	classes = {
	};
	objectVersion = 46;
	objects = {

/* Begin PBXBuildFile section */
		07AD72BD1D0AE6C800588878 /* Color.swift in Sources */ = {isa = PBXBuildFile; fileRef = 07AD72BC1D0AE6C800588878 /* Color.swift */; };
		07AD72BE1D0AE6C800588878 /* Color.swift in Sources */ = {isa = PBXBuildFile; fileRef = 07AD72BC1D0AE6C800588878 /* Color.swift */; };
		1CACDED389019401934C8929 /* Color.h in Headers */ = {isa = PBXBuildFile; fileRef = ABCDB12A81B3C7A0B4992F93 /* Color.h */; settings = {ATTRIBUTES = (Public, ); }; };
		30574AF4E90A045E60D7438F /* Cocoa.framework in Frameworks */ = {isa = PBXBuildFile; fileRef = FCE0D24A409AF4114074EEF6 /* Cocoa.framework */; };
		625706EF536766FC7E5560D8 /* Color.h in Headers */ = {isa = PBXBuildFile; fileRef = ABCDB12A81B3C7A0B4992F93 /* Color.h */; settings = {ATTRIBUTES = (Public, ); }; };
		B9EABC3BF6B7FD0CCAEF1D67 /* Color.framework in CopyFiles */ = {isa = PBXBuildFile; fileRef = CDF8EF337337BB93A629D25E /* Color.framework */; settings = {ATTRIBUTES = (CodeSignOnCopy, ); }; };
		CBEB7946E2731F517A45052C /* Cocoa.framework in Frameworks */ = {isa = PBXBuildFile; fileRef = FCE0D24A409AF4114074EEF6 /* Cocoa.framework */; };
		DBC475F18D7C5D5912D18F3C /* Color.framework in CopyFiles */ = {isa = PBXBuildFile; fileRef = 4CCE8318DAA67B9ED4C702A3 /* Color.framework */; settings = {ATTRIBUTES = (CodeSignOnCopy, ); }; };
		E4A88A175379D0F6290CB4B8 /* Foundation.framework in Frameworks */ = {isa = PBXBuildFile; fileRef = EBFB4B759A1F0B456E6C9525 /* Foundation.framework */; };
		E732A9A93714270C46D63797 /* Foundation.framework in Frameworks */ = {isa = PBXBuildFile; fileRef = EBFB4B759A1F0B456E6C9525 /* Foundation.framework */; };
/* End PBXBuildFile section */

/* Begin PBXContainerItemProxy section */
		604D256589E65AA5C9DCDE34 /* PBXContainerItemProxy */ = {
			isa = PBXContainerItemProxy;
			containerPortal = 37F25A34679197AC833AA7EB /* Project object */;
			proxyType = 1;
			remoteGlobalIDString = 8E194ED864425795D4FA70F4;
			remoteInfo = Color;
		};
		CC699225E417703FC4963908 /* PBXContainerItemProxy */ = {
			isa = PBXContainerItemProxy;
			containerPortal = 37F25A34679197AC833AA7EB /* Project object */;
			proxyType = 1;
			remoteGlobalIDString = 6808C0E687B793D6F9D0A9B6;
			remoteInfo = ColorMac;
		};
/* End PBXContainerItemProxy section */

/* Begin PBXCopyFilesBuildPhase section */
		27CAF3C400D40902E6C1815E /* CopyFiles */ = {
			isa = PBXCopyFilesBuildPhase;
			buildActionMask = 2147483647;
			dstPath = "";
			dstSubfolderSpec = 7;
			files = (
				DBC475F18D7C5D5912D18F3C /* Color.framework in CopyFiles */,
			);
			runOnlyForDeploymentPostprocessing = 0;
		};
		C7B056382EC09CA6F0312588 /* CopyFiles */ = {
			isa = PBXCopyFilesBuildPhase;
			buildActionMask = 2147483647;
			dstPath = "";
			dstSubfolderSpec = 7;
			files = (
				B9EABC3BF6B7FD0CCAEF1D67 /* Color.framework in CopyFiles */,
			);
			runOnlyForDeploymentPostprocessing = 0;
		};
/* End PBXCopyFilesBuildPhase section */

/* Begin PBXFileReference section */
		07AD72BC1D0AE6C800588878 /* Color.swift */ = {isa = PBXFileReference; fileEncoding = 4; lastKnownFileType = sourcecode.swift; name = Color.swift; path = Color/Color.swift; sourceTree = "<group>"; };
		13FC8ACF5DCCE9D8173EECFF /* Color.framework */ = {isa = PBXFileReference; explicitFileType = wrapper.framework; includeInIndex = 0; path = Color.framework; sourceTree = BUILT_PRODUCTS_DIR; };
		32507F9F764B0FC568814806 /* Color.framework */ = {isa = PBXFileReference; explicitFileType = wrapper.framework; includeInIndex = 0; path = Color.framework; sourceTree = BUILT_PRODUCTS_DIR; };
		368FE42CB825C0691CF210AA /* Info.plist */ = {isa = PBXFileReference; includeInIndex = 1; lastKnownFileType = text.plist.xml; name = Info.plist; path = Color/Info.plist; sourceTree = "<group>"; };
		4CCE8318DAA67B9ED4C702A3 /* Color.framework */ = {isa = PBXFileReference; includeInIndex = 1; lastKnownFileType = wrapper.framework; path = Color.framework; sourceTree = BUILT_PRODUCTS_DIR; };
		62683D82E7CE5C811008D45B /* ColorTests.xctest */ = {isa = PBXFileReference; explicitFileType = wrapper.cfbundle; includeInIndex = 0; path = ColorTests.xctest; sourceTree = BUILT_PRODUCTS_DIR; };
		AB83276DA7A32BC3FAF21B9A /* Info.plist */ = {isa = PBXFileReference; includeInIndex = 1; lastKnownFileType = text.plist.xml; name = Info.plist; path = ColorTests/Info.plist; sourceTree = "<group>"; };
		ABCDB12A81B3C7A0B4992F93 /* Color.h */ = {isa = PBXFileReference; includeInIndex = 1; lastKnownFileType = sourcecode.c.h; name = Color.h; path = Color/Color.h; sourceTree = "<group>"; };
		CDF8EF337337BB93A629D25E /* Color.framework */ = {isa = PBXFileReference; includeInIndex = 1; lastKnownFileType = wrapper.framework; path = Color.framework; sourceTree = BUILT_PRODUCTS_DIR; };
		E971B530139D66743200BFA8 /* ColorMacTests.xctest */ = {isa = PBXFileReference; explicitFileType = wrapper.cfbundle; includeInIndex = 0; path = ColorMacTests.xctest; sourceTree = BUILT_PRODUCTS_DIR; };
		EBFB4B759A1F0B456E6C9525 /* Foundation.framework */ = {isa = PBXFileReference; lastKnownFileType = wrapper.framework; name = Foundation.framework; path = Platforms/iPhoneOS.platform/Developer/SDKs/iPhoneOS9.0.sdk/System/Library/Frameworks/Foundation.framework; sourceTree = DEVELOPER_DIR; };
		FCE0D24A409AF4114074EEF6 /* Cocoa.framework */ = {isa = PBXFileReference; lastKnownFileType = wrapper.framework; name = Cocoa.framework; path = Platforms/MacOSX.platform/Developer/SDKs/MacOSX10.11.sdk/System/Library/Frameworks/Cocoa.framework; sourceTree = DEVELOPER_DIR; };
/* End PBXFileReference section */

/* Begin PBXFrameworksBuildPhase section */
		96DAFC404A09D710B8EB80F7 /* Frameworks */ = {
			isa = PBXFrameworksBuildPhase;
			buildActionMask = 2147483647;
			files = (
				E732A9A93714270C46D63797 /* Foundation.framework in Frameworks */,
			);
			runOnlyForDeploymentPostprocessing = 0;
		};
		AA4C37BA772750BA563A97F6 /* Frameworks */ = {
			isa = PBXFrameworksBuildPhase;
			buildActionMask = 2147483647;
			files = (
				E4A88A175379D0F6290CB4B8 /* Foundation.framework in Frameworks */,
			);
			runOnlyForDeploymentPostprocessing = 0;
		};
		AF7BADCE6424BC0341A5D3BA /* Frameworks */ = {
			isa = PBXFrameworksBuildPhase;
			buildActionMask = 2147483647;
			files = (
				CBEB7946E2731F517A45052C /* Cocoa.framework in Frameworks */,
			);
			runOnlyForDeploymentPostprocessing = 0;
		};
		CB6E7068415B39A6EAB20731 /* Frameworks */ = {
			isa = PBXFrameworksBuildPhase;
			buildActionMask = 2147483647;
			files = (
				30574AF4E90A045E60D7438F /* Cocoa.framework in Frameworks */,
			);
			runOnlyForDeploymentPostprocessing = 0;
		};
/* End PBXFrameworksBuildPhase section */

/* Begin PBXGroup section */
		1BDEEFF83D65D96829218355 /* Frameworks */ = {
			isa = PBXGroup;
			children = (
				729CB46FCF661C6BA7A5E4CC /* iOS */,
				5F2ED40C74F0A6E786304899 /* OS X */,
			);
			name = Frameworks;
			sourceTree = "<group>";
		};
		2EBF8B5FF9BE4048BF7CA5B2 = {
			isa = PBXGroup;
			children = (
				7FBD4F9110106A8D1FEF65BF /* Products */,
				1BDEEFF83D65D96829218355 /* Frameworks */,
				B869A5BAC3EE76779C60414E /* Color */,
				C91AFF4C0777FD1BA7D09482 /* ColorTests */,
				ABCDB12A81B3C7A0B4992F93 /* Color.h */,
			);
			sourceTree = "<group>";
		};
		5E6F832D73155970302352D8 /* Supporting Files */ = {
			isa = PBXGroup;
			children = (
				AB83276DA7A32BC3FAF21B9A /* Info.plist */,
			);
			name = "Supporting Files";
			sourceTree = "<group>";
		};
		5F2ED40C74F0A6E786304899 /* OS X */ = {
			isa = PBXGroup;
			children = (
				FCE0D24A409AF4114074EEF6 /* Cocoa.framework */,
			);
			name = "OS X";
			sourceTree = "<group>";
		};
		729CB46FCF661C6BA7A5E4CC /* iOS */ = {
			isa = PBXGroup;
			children = (
				EBFB4B759A1F0B456E6C9525 /* Foundation.framework */,
			);
			name = iOS;
			sourceTree = "<group>";
		};
		7FBD4F9110106A8D1FEF65BF /* Products */ = {
			isa = PBXGroup;
			children = (
				32507F9F764B0FC568814806 /* Color.framework */,
				62683D82E7CE5C811008D45B /* ColorTests.xctest */,
				13FC8ACF5DCCE9D8173EECFF /* Color.framework */,
				E971B530139D66743200BFA8 /* ColorMacTests.xctest */,
			);
			name = Products;
			sourceTree = "<group>";
		};
		86ADD0A45B149DFA3E2811E9 /* Supporting Files */ = {
			isa = PBXGroup;
			children = (
			);
			name = "Supporting Files";
			sourceTree = "<group>";
		};
		B869A5BAC3EE76779C60414E /* Color */ = {
			isa = PBXGroup;
			children = (
				368FE42CB825C0691CF210AA /* Info.plist */,
				86ADD0A45B149DFA3E2811E9 /* Supporting Files */,
				07AD72BC1D0AE6C800588878 /* Color.swift */,
			);
			name = Color;
			sourceTree = "<group>";
		};
		C91AFF4C0777FD1BA7D09482 /* ColorTests */ = {
			isa = PBXGroup;
			children = (
				5E6F832D73155970302352D8 /* Supporting Files */,
			);
			name = ColorTests;
			sourceTree = "<group>";
		};
/* End PBXGroup section */

/* Begin PBXHeadersBuildPhase section */
		B2EA2F0B64DB6092F94CDE07 /* Headers */ = {
			isa = PBXHeadersBuildPhase;
			buildActionMask = 2147483647;
			files = (
				625706EF536766FC7E5560D8 /* Color.h in Headers */,
			);
			runOnlyForDeploymentPostprocessing = 0;
		};
		F579D61EB7CF912D8E1EA1D4 /* Headers */ = {
			isa = PBXHeadersBuildPhase;
			buildActionMask = 2147483647;
			files = (
				1CACDED389019401934C8929 /* Color.h in Headers */,
			);
			runOnlyForDeploymentPostprocessing = 0;
		};
/* End PBXHeadersBuildPhase section */

/* Begin PBXNativeTarget section */
		4368E841552C9EA4F8171605 /* ColorTests */ = {
			isa = PBXNativeTarget;
			buildConfigurationList = 58CB819B91AE2ACBE263E251 /* Build configuration list for PBXNativeTarget "ColorTests" */;
			buildPhases = (
				441A788CBDF1429833B7283F /* Sources */,
				AA4C37BA772750BA563A97F6 /* Frameworks */,
				27CAF3C400D40902E6C1815E /* CopyFiles */,
			);
			buildRules = (
			);
			dependencies = (
				B1BAB4AA85F2A1A673A0AF26 /* PBXTargetDependency */,
			);
			name = ColorTests;
			productName = ColorTests;
			productReference = 62683D82E7CE5C811008D45B /* ColorTests.xctest */;
			productType = "com.apple.product-type.bundle.unit-test";
		};
		6808C0E687B793D6F9D0A9B6 /* ColorMac */ = {
			isa = PBXNativeTarget;
			buildConfigurationList = 10F36C8382769DB06C499AD0 /* Build configuration list for PBXNativeTarget "ColorMac" */;
			buildPhases = (
				0F49A1B2038873C6F8938BEF /* Sources */,
				AF7BADCE6424BC0341A5D3BA /* Frameworks */,
				B2EA2F0B64DB6092F94CDE07 /* Headers */,
			);
			buildRules = (
			);
			dependencies = (
			);
			name = ColorMac;
			productName = ColorMac;
			productReference = 13FC8ACF5DCCE9D8173EECFF /* Color.framework */;
			productType = "com.apple.product-type.framework";
		};
		7AA32538823B1DE10AFB9649 /* ColorMacTests */ = {
			isa = PBXNativeTarget;
			buildConfigurationList = 0C849740BBC25176DF2B58A6 /* Build configuration list for PBXNativeTarget "ColorMacTests" */;
			buildPhases = (
				0BD9086F8AC577084C0F81F4 /* Sources */,
				CB6E7068415B39A6EAB20731 /* Frameworks */,
				C7B056382EC09CA6F0312588 /* CopyFiles */,
			);
			buildRules = (
			);
			dependencies = (
				7F1F34E6F74343AEFF75364E /* PBXTargetDependency */,
			);
			name = ColorMacTests;
			productName = ColorMacTests;
			productReference = E971B530139D66743200BFA8 /* ColorMacTests.xctest */;
			productType = "com.apple.product-type.bundle.unit-test";
		};
		8E194ED864425795D4FA70F4 /* Color */ = {
			isa = PBXNativeTarget;
			buildConfigurationList = 7C9440C3737A0BB3DA0B00EE /* Build configuration list for PBXNativeTarget "Color" */;
			buildPhases = (
				DEA5F26B78D8A39AC78A0B7B /* Sources */,
				96DAFC404A09D710B8EB80F7 /* Frameworks */,
				F579D61EB7CF912D8E1EA1D4 /* Headers */,
			);
			buildRules = (
			);
			dependencies = (
			);
			name = Color;
			productName = Color;
			productReference = 32507F9F764B0FC568814806 /* Color.framework */;
			productType = "com.apple.product-type.framework";
		};
/* End PBXNativeTarget section */

/* Begin PBXProject section */
		37F25A34679197AC833AA7EB /* Project object */ = {
			isa = PBXProject;
			attributes = {
				LastSwiftUpdateCheck = 0730;
				LastUpgradeCheck = 0800;
				TargetAttributes = {
					4368E841552C9EA4F8171605 = {
						LastSwiftMigration = 0800;
					};
					8E194ED864425795D4FA70F4 = {
						LastSwiftMigration = 0800;
					};
				};
			};
			buildConfigurationList = D679502B42E27C04C8B50842 /* Build configuration list for PBXProject "Color" */;
			compatibilityVersion = "Xcode 3.2";
			developmentRegion = English;
			hasScannedForEncodings = 0;
			knownRegions = (
				en,
			);
			mainGroup = 2EBF8B5FF9BE4048BF7CA5B2;
			productRefGroup = 7FBD4F9110106A8D1FEF65BF /* Products */;
			projectDirPath = "";
			projectRoot = "";
			targets = (
				8E194ED864425795D4FA70F4 /* Color */,
				4368E841552C9EA4F8171605 /* ColorTests */,
				6808C0E687B793D6F9D0A9B6 /* ColorMac */,
				7AA32538823B1DE10AFB9649 /* ColorMacTests */,
			);
		};
/* End PBXProject section */

/* Begin PBXSourcesBuildPhase section */
		0BD9086F8AC577084C0F81F4 /* Sources */ = {
			isa = PBXSourcesBuildPhase;
			buildActionMask = 2147483647;
			files = (
			);
			runOnlyForDeploymentPostprocessing = 0;
		};
		0F49A1B2038873C6F8938BEF /* Sources */ = {
			isa = PBXSourcesBuildPhase;
			buildActionMask = 2147483647;
			files = (
				07AD72BE1D0AE6C800588878 /* Color.swift in Sources */,
			);
			runOnlyForDeploymentPostprocessing = 0;
		};
		441A788CBDF1429833B7283F /* Sources */ = {
			isa = PBXSourcesBuildPhase;
			buildActionMask = 2147483647;
			files = (
			);
			runOnlyForDeploymentPostprocessing = 0;
		};
		DEA5F26B78D8A39AC78A0B7B /* Sources */ = {
			isa = PBXSourcesBuildPhase;
			buildActionMask = 2147483647;
			files = (
				07AD72BD1D0AE6C800588878 /* Color.swift in Sources */,
			);
			runOnlyForDeploymentPostprocessing = 0;
		};
/* End PBXSourcesBuildPhase section */

/* Begin PBXTargetDependency section */
		7F1F34E6F74343AEFF75364E /* PBXTargetDependency */ = {
			isa = PBXTargetDependency;
			name = ColorMac;
			target = 6808C0E687B793D6F9D0A9B6 /* ColorMac */;
			targetProxy = CC699225E417703FC4963908 /* PBXContainerItemProxy */;
		};
		B1BAB4AA85F2A1A673A0AF26 /* PBXTargetDependency */ = {
			isa = PBXTargetDependency;
			name = Color;
			target = 8E194ED864425795D4FA70F4 /* Color */;
			targetProxy = 604D256589E65AA5C9DCDE34 /* PBXContainerItemProxy */;
		};
/* End PBXTargetDependency section */

/* Begin XCBuildConfiguration section */
		13AF1D6B3ED6E6BB09C13748 /* Release */ = {
			isa = XCBuildConfiguration;
			buildSettings = {
				ALWAYS_EMBED_SWIFT_STANDARD_LIBRARIES = YES;
				COMBINE_HIDPI_IMAGES = YES;
				DEBUG_INFORMATION_FORMAT = "dwarf-with-dsym";
				ENABLE_STRICT_OBJC_MSGSEND = YES;
				INFOPLIST_FILE = ColorTests/Info.plist;
				MACOSX_DEPLOYMENT_TARGET = 10.9;
				MTL_ENABLE_DEBUG_INFO = NO;
				PRODUCT_NAME = "$(TARGET_NAME)";
				SDKROOT = macosx;
			};
			name = Release;
		};
		16A72EEA7E6566B71115579F /* Release */ = {
			isa = XCBuildConfiguration;
			buildSettings = {
				ALWAYS_SEARCH_USER_PATHS = NO;
				CLANG_CXX_LANGUAGE_STANDARD = "gnu++0x";
				CLANG_CXX_LIBRARY = "libc++";
				CLANG_ENABLE_MODULES = YES;
				CLANG_ENABLE_OBJC_ARC = YES;
				CLANG_WARN_BOOL_CONVERSION = YES;
				CLANG_WARN_CONSTANT_CONVERSION = YES;
				CLANG_WARN_DIRECT_OBJC_ISA_USAGE = YES;
				CLANG_WARN_EMPTY_BODY = YES;
				CLANG_WARN_ENUM_CONVERSION = YES;
				CLANG_WARN_INFINITE_RECURSION = YES;
				CLANG_WARN_INT_CONVERSION = YES;
				CLANG_WARN_OBJC_ROOT_CLASS = YES;
				CLANG_WARN_SUSPICIOUS_MOVE = YES;
				CLANG_WARN_UNREACHABLE_CODE = YES;
				CLANG_WARN__DUPLICATE_METHOD_MATCH = YES;
				COPY_PHASE_STRIP = YES;
				ENABLE_NS_ASSERTIONS = NO;
				ENABLE_STRICT_OBJC_MSGSEND = YES;
				ENABLE_TESTABILITY = YES;
				GCC_C_LANGUAGE_STANDARD = gnu99;
				GCC_NO_COMMON_BLOCKS = YES;
				GCC_WARN_64_TO_32_BIT_CONVERSION = YES;
				GCC_WARN_ABOUT_RETURN_TYPE = YES;
				GCC_WARN_UNDECLARED_SELECTOR = YES;
				GCC_WARN_UNINITIALIZED_AUTOS = YES;
				GCC_WARN_UNUSED_FUNCTION = YES;
				GCC_WARN_UNUSED_VARIABLE = YES;
				SWIFT_OPTIMIZATION_LEVEL = "-Owholemodule";
				VALIDATE_PRODUCT = YES;
			};
			name = Release;
		};
		3E963EC63CB84D8F3B9E6DA8 /* Release */ = {
			isa = XCBuildConfiguration;
			buildSettings = {
				ALWAYS_EMBED_SWIFT_STANDARD_LIBRARIES = YES;
				ENABLE_STRICT_OBJC_MSGSEND = YES;
				INFOPLIST_FILE = ColorTests/Info.plist;
				IPHONEOS_DEPLOYMENT_TARGET = 9.3;
				MTL_ENABLE_DEBUG_INFO = NO;
				PRODUCT_NAME = "$(TARGET_NAME)";
				SDKROOT = iphoneos;
				SWIFT_VERSION = 3.0;
			};
			name = Release;
		};
		7261ABB049BA4227B4B8A9A9 /* Debug */ = {
			isa = XCBuildConfiguration;
			buildSettings = {
				ALWAYS_EMBED_SWIFT_STANDARD_LIBRARIES = YES;
				COMBINE_HIDPI_IMAGES = YES;
				ENABLE_STRICT_OBJC_MSGSEND = YES;
				INFOPLIST_FILE = ColorTests/Info.plist;
				MACOSX_DEPLOYMENT_TARGET = 10.9;
				MTL_ENABLE_DEBUG_INFO = YES;
				PRODUCT_NAME = "$(TARGET_NAME)";
				SDKROOT = macosx;
			};
			name = Debug;
		};
		93855411FDA443DD6CE0FD20 /* Debug */ = {
			isa = XCBuildConfiguration;
			buildSettings = {
				ALWAYS_EMBED_SWIFT_STANDARD_LIBRARIES = YES;
				ENABLE_STRICT_OBJC_MSGSEND = YES;
				INFOPLIST_FILE = ColorTests/Info.plist;
				IPHONEOS_DEPLOYMENT_TARGET = 9.3;
				MTL_ENABLE_DEBUG_INFO = YES;
				PRODUCT_NAME = "$(TARGET_NAME)";
				SDKROOT = iphoneos;
				SWIFT_VERSION = 3.0;
			};
			name = Debug;
		};
		B47273A48C76EDF58A6727BF /* Debug */ = {
			isa = XCBuildConfiguration;
			buildSettings = {
				ALWAYS_SEARCH_USER_PATHS = NO;
				CLANG_CXX_LANGUAGE_STANDARD = "gnu++0x";
				CLANG_CXX_LIBRARY = "libc++";
				CLANG_ENABLE_MODULES = YES;
				CLANG_ENABLE_OBJC_ARC = YES;
				CLANG_WARN_BOOL_CONVERSION = YES;
				CLANG_WARN_CONSTANT_CONVERSION = YES;
				CLANG_WARN_DIRECT_OBJC_ISA_USAGE = YES;
				CLANG_WARN_EMPTY_BODY = YES;
				CLANG_WARN_ENUM_CONVERSION = YES;
				CLANG_WARN_INFINITE_RECURSION = YES;
				CLANG_WARN_INT_CONVERSION = YES;
				CLANG_WARN_OBJC_ROOT_CLASS = YES;
				CLANG_WARN_SUSPICIOUS_MOVE = YES;
				CLANG_WARN_UNREACHABLE_CODE = YES;
				CLANG_WARN__DUPLICATE_METHOD_MATCH = YES;
				COPY_PHASE_STRIP = NO;
				ENABLE_STRICT_OBJC_MSGSEND = YES;
				ENABLE_TESTABILITY = YES;
				GCC_C_LANGUAGE_STANDARD = gnu99;
				GCC_DYNAMIC_NO_PIC = NO;
				GCC_NO_COMMON_BLOCKS = YES;
				GCC_OPTIMIZATION_LEVEL = 0;
				GCC_PREPROCESSOR_DEFINITIONS = (
					"DEBUG=1",
					"$(inherited)",
				);
				GCC_SYMBOLS_PRIVATE_EXTERN = NO;
				GCC_WARN_64_TO_32_BIT_CONVERSION = YES;
				GCC_WARN_ABOUT_RETURN_TYPE = YES;
				GCC_WARN_UNDECLARED_SELECTOR = YES;
				GCC_WARN_UNINITIALIZED_AUTOS = YES;
				GCC_WARN_UNUSED_FUNCTION = YES;
				GCC_WARN_UNUSED_VARIABLE = YES;
				ONLY_ACTIVE_ARCH = YES;
			};
			name = Debug;
		};
		C79920CD7A0F14A2CC65DC67 /* Release */ = {
			isa = XCBuildConfiguration;
			buildSettings = {
				ALWAYS_EMBED_SWIFT_STANDARD_LIBRARIES = NO;
				CLANG_ENABLE_MODULES = YES;
				"CODE_SIGN_IDENTITY[sdk=iphoneos*]" = "";
				CURRENT_PROJECT_VERSION = 1;
				DEFINES_MODULE = YES;
				DYLIB_COMPATIBILITY_VERSION = 1;
				DYLIB_CURRENT_VERSION = 1;
				DYLIB_INSTALL_NAME_BASE = "@rpath";
				ENABLE_BITCODE = NO;
				ENABLE_STRICT_OBJC_MSGSEND = YES;
				INFOPLIST_FILE = Color/Info.plist;
				INSTALL_PATH = "$(LOCAL_LIBRARY_DIR)/Frameworks";
				IPHONEOS_DEPLOYMENT_TARGET = 8.0;
				LD_RUNPATH_SEARCH_PATHS = "$(inherited) @executable_path/Frameworks @loader_path/Frameworks";
				MTL_ENABLE_DEBUG_INFO = NO;
				PRODUCT_BUNDLE_IDENTIFIER = com.bean.Color;
				PRODUCT_NAME = Color;
				SDKROOT = iphoneos;
				SKIP_INSTALL = YES;
				SWIFT_VERSION = 3.0;
				TARGETED_DEVICE_FAMILY = "1,2";
				VERSIONING_SYSTEM = "apple-generic";
				VERSION_INFO_PREFIX = "";
			};
			name = Release;
		};
		D51369064269E9D6CC5908FC /* Release */ = {
			isa = XCBuildConfiguration;
			buildSettings = {
				ALWAYS_EMBED_SWIFT_STANDARD_LIBRARIES = NO;
				CLANG_ENABLE_MODULES = YES;
				CODE_SIGN_IDENTITY = "";
				COMBINE_HIDPI_IMAGES = YES;
				CURRENT_PROJECT_VERSION = 1;
				DEBUG_INFORMATION_FORMAT = "dwarf-with-dsym";
				DEFINES_MODULE = YES;
				DYLIB_COMPATIBILITY_VERSION = 1;
				DYLIB_CURRENT_VERSION = 1;
				DYLIB_INSTALL_NAME_BASE = "@rpath";
				ENABLE_STRICT_OBJC_MSGSEND = YES;
				FRAMEWORK_VERSION = A;
				INFOPLIST_FILE = Color/Info.plist;
				INSTALL_PATH = "$(LOCAL_LIBRARY_DIR)/Frameworks";
				LD_RUNPATH_SEARCH_PATHS = "$(inherited) @executable_path/../Frameworks @loader_path/Frameworks";
				MACOSX_DEPLOYMENT_TARGET = 10.9;
				MTL_ENABLE_DEBUG_INFO = NO;
				PRODUCT_BUNDLE_IDENTIFIER = com.bean.Color;
				PRODUCT_NAME = Color;
				SDKROOT = macosx;
				SKIP_INSTALL = YES;
				SWIFT_VERSION = 3.0;
				VERSIONING_SYSTEM = "apple-generic";
				VERSION_INFO_PREFIX = "";
			};
			name = Release;
		};
		DEE668DDE64A08C3B856FF62 /* Debug */ = {
			isa = XCBuildConfiguration;
			buildSettings = {
				ALWAYS_EMBED_SWIFT_STANDARD_LIBRARIES = NO;
				CLANG_ENABLE_MODULES = YES;
				"CODE_SIGN_IDENTITY[sdk=iphoneos*]" = "";
				CURRENT_PROJECT_VERSION = 1;
				DEFINES_MODULE = YES;
				DYLIB_COMPATIBILITY_VERSION = 1;
				DYLIB_CURRENT_VERSION = 1;
				DYLIB_INSTALL_NAME_BASE = "@rpath";
				ENABLE_BITCODE = NO;
				ENABLE_STRICT_OBJC_MSGSEND = YES;
				INFOPLIST_FILE = Color/Info.plist;
				INSTALL_PATH = "$(LOCAL_LIBRARY_DIR)/Frameworks";
				IPHONEOS_DEPLOYMENT_TARGET = 8.0;
				LD_RUNPATH_SEARCH_PATHS = "$(inherited) @executable_path/Frameworks @loader_path/Frameworks";
				MTL_ENABLE_DEBUG_INFO = YES;
				PRODUCT_BUNDLE_IDENTIFIER = com.bean.Color;
				PRODUCT_NAME = Color;
				SDKROOT = iphoneos;
				SKIP_INSTALL = YES;
				SWIFT_OPTIMIZATION_LEVEL = "-Onone";
				SWIFT_VERSION = 3.0;
				TARGETED_DEVICE_FAMILY = "1,2";
				VERSIONING_SYSTEM = "apple-generic";
				VERSION_INFO_PREFIX = "";
			};
			name = Debug;
		};
		EAFB90BE0E3C0EC6124F6567 /* Debug */ = {
			isa = XCBuildConfiguration;
			buildSettings = {
				ALWAYS_EMBED_SWIFT_STANDARD_LIBRARIES = NO;
				CLANG_ENABLE_MODULES = YES;
				CODE_SIGN_IDENTITY = "";
				COMBINE_HIDPI_IMAGES = YES;
				CURRENT_PROJECT_VERSION = 1;
				DEFINES_MODULE = YES;
				DYLIB_COMPATIBILITY_VERSION = 1;
				DYLIB_CURRENT_VERSION = 1;
				DYLIB_INSTALL_NAME_BASE = "@rpath";
				ENABLE_STRICT_OBJC_MSGSEND = YES;
				FRAMEWORK_VERSION = A;
				INFOPLIST_FILE = Color/Info.plist;
				INSTALL_PATH = "$(LOCAL_LIBRARY_DIR)/Frameworks";
				LD_RUNPATH_SEARCH_PATHS = "$(inherited) @executable_path/../Frameworks @loader_path/Frameworks";
				MACOSX_DEPLOYMENT_TARGET = 10.9;
				MTL_ENABLE_DEBUG_INFO = YES;
				PRODUCT_BUNDLE_IDENTIFIER = com.bean.Color;
				PRODUCT_NAME = Color;
				SDKROOT = macosx;
				SKIP_INSTALL = YES;
				SWIFT_OPTIMIZATION_LEVEL = "-Onone";
				SWIFT_VERSION = 3.0;
				VERSIONING_SYSTEM = "apple-generic";
				VERSION_INFO_PREFIX = "";
			};
			name = Debug;
		};
/* End XCBuildConfiguration section */

/* Begin XCConfigurationList section */
		0C849740BBC25176DF2B58A6 /* Build configuration list for PBXNativeTarget "ColorMacTests" */ = {
			isa = XCConfigurationList;
			buildConfigurations = (
				13AF1D6B3ED6E6BB09C13748 /* Release */,
				7261ABB049BA4227B4B8A9A9 /* Debug */,
			);
			defaultConfigurationIsVisible = 0;
			defaultConfigurationName = Release;
		};
		10F36C8382769DB06C499AD0 /* Build configuration list for PBXNativeTarget "ColorMac" */ = {
			isa = XCConfigurationList;
			buildConfigurations = (
				D51369064269E9D6CC5908FC /* Release */,
				EAFB90BE0E3C0EC6124F6567 /* Debug */,
			);
			defaultConfigurationIsVisible = 0;
			defaultConfigurationName = Release;
		};
		58CB819B91AE2ACBE263E251 /* Build configuration list for PBXNativeTarget "ColorTests" */ = {
			isa = XCConfigurationList;
			buildConfigurations = (
				3E963EC63CB84D8F3B9E6DA8 /* Release */,
				93855411FDA443DD6CE0FD20 /* Debug */,
			);
			defaultConfigurationIsVisible = 0;
			defaultConfigurationName = Release;
		};
		7C9440C3737A0BB3DA0B00EE /* Build configuration list for PBXNativeTarget "Color" */ = {
			isa = XCConfigurationList;
			buildConfigurations = (
				C79920CD7A0F14A2CC65DC67 /* Release */,
				DEE668DDE64A08C3B856FF62 /* Debug */,
			);
			defaultConfigurationIsVisible = 0;
			defaultConfigurationName = Release;
		};
		D679502B42E27C04C8B50842 /* Build configuration list for PBXProject "Color" */ = {
			isa = XCConfigurationList;
			buildConfigurations = (
				B47273A48C76EDF58A6727BF /* Debug */,
				16A72EEA7E6566B71115579F /* Release */,
			);
			defaultConfigurationIsVisible = 0;
			defaultConfigurationName = Release;
		};
/* End XCConfigurationList section */
	};
	rootObject = 37F25A34679197AC833AA7EB /* Project object */;
}
